
Microsoft Visual Studio Solution File, Format Version 12.00
# Visual Studio Version 17
VisualStudioVersion = 17.0.31903.59
MinimumVisualStudioVersion = 10.0.40219.1
Project("{9A19103F-16F7-4668-BE54-9A1E7A4F7556}") = "HandsLiftedApp", "HandsLiftedApp\HandsLiftedApp.csproj", "{18F861C4-B5D1-4283-A02F-3A625FCD1F35}"
EndProject
Project("{2150E333-8FDC-42A3-9474-1A3956D46DE8}") = "AvaloniaNDI", "AvaloniaNDI", "{9F59ABAF-04B2-42C0-8FE7-1867607C6AE0}"
	ProjectSection(SolutionItems) = preProject
		LICENSE.txt = LICENSE.txt
		AvaloniaNDI\README.md = AvaloniaNDI\README.md
	EndProjectSection
EndProject
Project("{9A19103F-16F7-4668-BE54-9A1E7A4F7556}") = "AvaloniaNDI", "Libraries\AvaloniaNDI\AvaloniaNDI\AvaloniaNDI.csproj", "{38414B46-41C5-4B15-9B31-DA7D81DACD46}"
EndProject
Project("{9A19103F-16F7-4668-BE54-9A1E7A4F7556}") = "NDILibDotNet2", "Libraries\AvaloniaNDI\NDILibDotNet2\NDILibDotNet2.csproj", "{1B8181E7-C1CA-4D89-8403-E279545ACF81}"
EndProject
Project("{2150E333-8FDC-42A3-9474-1A3956D46DE8}") = "Libraries", "Libraries", "{DF9D61D4-EE1B-4212-914D-C74223DDC1EF}"
EndProject
Project("{2150E333-8FDC-42A3-9474-1A3956D46DE8}") = "vlcsharpavalonia", "vlcsharpavalonia", "{40CFBB5E-1D86-4193-BD27-517B6699E040}"
EndProject
Project("{9A19103F-16F7-4668-BE54-9A1E7A4F7556}") = "LibVLCSharp.Avalonia.Sample", "Libraries\vlcsharpavalonia\samples\LibVLCSharp.Avalonia.Sample\LibVLCSharp.Avalonia.Sample.csproj", "{D17E9BC7-4941-489B-822F-FC0B9B33FD36}"
EndProject
Project("{9A19103F-16F7-4668-BE54-9A1E7A4F7556}") = "LibVLCSharp.Avalonia", "Libraries\vlcsharpavalonia\src\LibVLCSharp.Avalonia\LibVLCSharp.Avalonia.csproj", "{13B23917-78C2-458D-A175-559E99C96D3C}"
EndProject
Project("{9A19103F-16F7-4668-BE54-9A1E7A4F7556}") = "AvaloniaNDI.Sample", "Libraries\AvaloniaNDI\AvaloniaNDI.Sample\AvaloniaNDI.Sample.csproj", "{16B34400-9320-47C7-92AF-6E90E79D05C7}"
EndProject
Project("{9A19103F-16F7-4668-BE54-9A1E7A4F7556}") = "HandsLiftedApp.Data", "HandsLiftedApp.Models\HandsLiftedApp.Data.csproj", "{CF068750-B490-4363-8826-8FF406540324}"
EndProject
Project("{2150E333-8FDC-42A3-9474-1A3956D46DE8}") = "stocklibvlcsharp", "stocklibvlcsharp", "{185F6A79-3344-4E11-A2FE-FB067B06059B}"
EndProject
Project("{9A19103F-16F7-4668-BE54-9A1E7A4F7556}") = "TestVlcSharpAvaloniaApplication", "Libraries\nativevlcsharpavalonia\TestVlcSharpAvaloniaApplication\TestVlcSharpAvaloniaApplication.csproj", "{54DF9FA2-053C-45BC-8248-0106D10DED75}"
EndProject
Project("{2150E333-8FDC-42A3-9474-1A3956D46DE8}") = "Solution Items", "Solution Items", "{BD358C60-3880-4636-BD41-3C4AC68C5227}"
	ProjectSection(SolutionItems) = preProject
		.editorconfig = .editorconfig
		.gitignore = .gitignore
		desktop.ini = desktop.ini
		Directory.Build.props = Directory.Build.props
		Directory.Packages.props = Directory.Packages.props
		global.json = global.json
		HandsLiftedApp.sln = HandsLiftedApp.sln
		nuget.config = nuget.config
		README.md = README.md
		screenshot.jpg = screenshot.jpg
		TextFile1.txt = TextFile1.txt
	EndProjectSection
EndProject
Project("{9A19103F-16F7-4668-BE54-9A1E7A4F7556}") = "TestVlcApp", "Libraries\nativevlcsharpavalonia\TestVlcApp\TestVlcApp.csproj", "{18E0E14F-BB0B-46CF-BCC4-143337E5C3BC}"
EndProject
Project("{9A19103F-16F7-4668-BE54-9A1E7A4F7556}") = "HandsLiftedApp.XTransitioningContentControl", "HandsLiftedApp.XTransitioningContentControl\HandsLiftedApp.XTransitioningContentControl.csproj", "{1556AECA-43B2-4954-AA1B-0EEF06A562EA}"
EndProject
Project("{9A19103F-16F7-4668-BE54-9A1E7A4F7556}") = "ScratchApp", "ScratchApp\ScratchApp.csproj", "{B9DF2FD7-7E55-4B17-BA43-82DA35F27D73}"
EndProject
Project("{2150E333-8FDC-42A3-9474-1A3956D46DE8}") = "Demos", "Demos", "{CBF6C4DA-42BF-45AE-8714-5880A4E4ADEA}"
EndProject
Project("{9A19103F-16F7-4668-BE54-9A1E7A4F7556}") = "StackedImagesOpacityDemo", "Demos\StackedImagesOpacityDemo\StackedImagesOpacityDemo.csproj", "{7903927C-3E49-4B5D-B2F7-163EBEFC1B0A}"
EndProject
Project("{9A19103F-16F7-4668-BE54-9A1E7A4F7556}") = "HandsLiftedApp.PropertyGridControl", "HandsLiftedApp.PropertyGridControl\HandsLiftedApp.PropertyGridControl.csproj", "{D44C4D0E-4440-402D-AAAB-A6F92AF09184}"
EndProject
Project("{9A19103F-16F7-4668-BE54-9A1E7A4F7556}") = "ItemsListDemo", "ItemsListDemo\ItemsListDemo.csproj", "{9AE5CA3F-762A-45C6-9076-BE9FA09BAFD0}"
EndProject
Project("{9A19103F-16F7-4668-BE54-9A1E7A4F7556}") = "HandsLiftedApp.Importer.PowerPoint", "HandsLiftedApp.PowerPointImporter\HandsLiftedApp.Importer.PowerPoint.csproj", "{D9E7831D-B0CA-41FD-B8A5-B43FF5E58DF0}"
EndProject
Project("{9A19103F-16F7-4668-BE54-9A1E7A4F7556}") = "HandsLiftedApp.Importer.GoogleSlides", "HandsLiftedApp.GoogleSlidesImporter\HandsLiftedApp.Importer.GoogleSlides.csproj", "{0C734D3E-A552-48CB-9A71-EBCE6A61740B}"
EndProject
Project("{9A19103F-16F7-4668-BE54-9A1E7A4F7556}") = "HandsLiftedApp.Importer.PDF", "HandsLiftedApp.Importer.PDF\HandsLiftedApp.Importer.PDF.csproj", "{D8246774-516C-4E7C-8926-41812E5500B2}"
EndProject
Project("{9A19103F-16F7-4668-BE54-9A1E7A4F7556}") = "HandsLiftedApp.Utils", "HandsLiftedApp.Utils\HandsLiftedApp.Utils.csproj", "{320D673C-DAE7-4501-A376-213D6A104410}"
EndProject
Project("{9A19103F-16F7-4668-BE54-9A1E7A4F7556}") = "HandsLiftedApp.Auth.GoogleDrive", "HandsLiftedApp.Auth.GoogleDrive\HandsLiftedApp.Auth.GoogleDrive.csproj", "{2C42766D-EBD9-4AB6-A3A6-E8407F339663}"
EndProject
Project("{9A19103F-16F7-4668-BE54-9A1E7A4F7556}") = "HandsLiftedApp.Tests", "HandsLiftedApp.Tests\HandsLiftedApp.Tests.csproj", "{09638816-89B1-4DC0-B713-4E78F0E99165}"
EndProject
Project("{9A19103F-16F7-4668-BE54-9A1E7A4F7556}") = "PDFTestApp", "PDFTestApp\PDFTestApp.csproj", "{B4D43327-E734-41E7-B1C6-68F64B10A6AD}"
EndProject
Project("{9A19103F-16F7-4668-BE54-9A1E7A4F7556}") = "Demo.AudacityPipe.ConsoleApp1", "Demo.AudacityPipe.ConsoleApp1\Demo.AudacityPipe.ConsoleApp1.csproj", "{80FDB146-2567-439D-8403-5FF3B08F331F}"
EndProject
Project("{9A19103F-16F7-4668-BE54-9A1E7A4F7556}") = "HandsLiftedApp.ThumbnailExtractor", "HandsLiftedApp.ThumbnailExtractor\HandsLiftedApp.ThumbnailExtractor.csproj", "{5CD400F8-CC8B-4507-A011-A7BD5D16879B}"
EndProject
Project("{2150E333-8FDC-42A3-9474-1A3956D46DE8}") = "Scratch", "Scratch", "{7023196F-59FE-4E0F-B628-F49CC8E781D3}"
EndProject
Project("{9A19103F-16F7-4668-BE54-9A1E7A4F7556}") = "LibMpv.Client", "Libraries\LibMpv\src\LibMpv.Client\LibMpv.Client.csproj", "{F6904C4F-C17D-41B3-A0DE-6B622500136B}"
EndProject
Project("{9A19103F-16F7-4668-BE54-9A1E7A4F7556}") = "LibMpv.Context", "Libraries\LibMpv\src\LibMpv.Context\LibMpv.Context.csproj", "{400B1D09-937A-48AA-9A2A-B61EF2D1B661}"
EndProject
Project("{9A19103F-16F7-4668-BE54-9A1E7A4F7556}") = "LibMpv.Context.MVVM", "Libraries\LibMpv\samples\LibMpv.Context.MVVM\LibMpv.Context.MVVM.csproj", "{338D0EBE-92AE-4056-B780-CA047CF8E9C7}"
EndProject
Project("{9A19103F-16F7-4668-BE54-9A1E7A4F7556}") = "Avalonia.Controls.LibMpv", "Libraries\LibMpv\samples\Avalonia.LibMpv.Sample\Avalonia.Controls.LibMpv.csproj", "{31880C0E-F852-4BD2-8FA9-B1D8B9725D5D}"
EndProject
Project("{2150E333-8FDC-42A3-9474-1A3956D46DE8}") = "LibMpv", "LibMpv", "{21CE3976-E587-426A-9F52-8720F4939B09}"
EndProject
Global
	GlobalSection(SolutionConfigurationPlatforms) = preSolution
		Debug|Any CPU = Debug|Any CPU
		Debug|x64 = Debug|x64
		Debug|x86 = Debug|x86
		Release|Any CPU = Release|Any CPU
		Release|x64 = Release|x64
		Release|x86 = Release|x86
	EndGlobalSection
	GlobalSection(ProjectConfigurationPlatforms) = postSolution
		{18F861C4-B5D1-4283-A02F-3A625FCD1F35}.Debug|Any CPU.ActiveCfg = Debug|Any CPU
		{18F861C4-B5D1-4283-A02F-3A625FCD1F35}.Debug|Any CPU.Build.0 = Debug|Any CPU
		{18F861C4-B5D1-4283-A02F-3A625FCD1F35}.Debug|x64.ActiveCfg = Debug|Any CPU
		{18F861C4-B5D1-4283-A02F-3A625FCD1F35}.Debug|x64.Build.0 = Debug|Any CPU
		{18F861C4-B5D1-4283-A02F-3A625FCD1F35}.Debug|x86.ActiveCfg = Debug|Any CPU
		{18F861C4-B5D1-4283-A02F-3A625FCD1F35}.Debug|x86.Build.0 = Debug|Any CPU
		{18F861C4-B5D1-4283-A02F-3A625FCD1F35}.Release|Any CPU.ActiveCfg = Release|Any CPU
		{18F861C4-B5D1-4283-A02F-3A625FCD1F35}.Release|Any CPU.Build.0 = Release|Any CPU
		{18F861C4-B5D1-4283-A02F-3A625FCD1F35}.Release|x64.ActiveCfg = Release|Any CPU
		{18F861C4-B5D1-4283-A02F-3A625FCD1F35}.Release|x64.Build.0 = Release|Any CPU
		{18F861C4-B5D1-4283-A02F-3A625FCD1F35}.Release|x86.ActiveCfg = Release|Any CPU
		{18F861C4-B5D1-4283-A02F-3A625FCD1F35}.Release|x86.Build.0 = Release|Any CPU
		{38414B46-41C5-4B15-9B31-DA7D81DACD46}.Debug|Any CPU.ActiveCfg = Debug|Any CPU
		{38414B46-41C5-4B15-9B31-DA7D81DACD46}.Debug|Any CPU.Build.0 = Debug|Any CPU
		{38414B46-41C5-4B15-9B31-DA7D81DACD46}.Debug|x64.ActiveCfg = Debug|Any CPU
		{38414B46-41C5-4B15-9B31-DA7D81DACD46}.Debug|x64.Build.0 = Debug|Any CPU
		{38414B46-41C5-4B15-9B31-DA7D81DACD46}.Debug|x86.ActiveCfg = Debug|Any CPU
		{38414B46-41C5-4B15-9B31-DA7D81DACD46}.Debug|x86.Build.0 = Debug|Any CPU
		{38414B46-41C5-4B15-9B31-DA7D81DACD46}.Release|Any CPU.ActiveCfg = Release|Any CPU
		{38414B46-41C5-4B15-9B31-DA7D81DACD46}.Release|Any CPU.Build.0 = Release|Any CPU
		{38414B46-41C5-4B15-9B31-DA7D81DACD46}.Release|x64.ActiveCfg = Release|Any CPU
		{38414B46-41C5-4B15-9B31-DA7D81DACD46}.Release|x64.Build.0 = Release|Any CPU
		{38414B46-41C5-4B15-9B31-DA7D81DACD46}.Release|x86.ActiveCfg = Release|Any CPU
		{38414B46-41C5-4B15-9B31-DA7D81DACD46}.Release|x86.Build.0 = Release|Any CPU
		{1B8181E7-C1CA-4D89-8403-E279545ACF81}.Debug|Any CPU.ActiveCfg = Debug|Any CPU
		{1B8181E7-C1CA-4D89-8403-E279545ACF81}.Debug|Any CPU.Build.0 = Debug|Any CPU
		{1B8181E7-C1CA-4D89-8403-E279545ACF81}.Debug|x64.ActiveCfg = Debug|Any CPU
		{1B8181E7-C1CA-4D89-8403-E279545ACF81}.Debug|x64.Build.0 = Debug|Any CPU
		{1B8181E7-C1CA-4D89-8403-E279545ACF81}.Debug|x86.ActiveCfg = Debug|x86
		{1B8181E7-C1CA-4D89-8403-E279545ACF81}.Debug|x86.Build.0 = Debug|x86
		{1B8181E7-C1CA-4D89-8403-E279545ACF81}.Release|Any CPU.ActiveCfg = Release|Any CPU
		{1B8181E7-C1CA-4D89-8403-E279545ACF81}.Release|Any CPU.Build.0 = Release|Any CPU
		{1B8181E7-C1CA-4D89-8403-E279545ACF81}.Release|x64.ActiveCfg = Release|x64
		{1B8181E7-C1CA-4D89-8403-E279545ACF81}.Release|x64.Build.0 = Release|x64
		{1B8181E7-C1CA-4D89-8403-E279545ACF81}.Release|x86.ActiveCfg = Release|x86
		{1B8181E7-C1CA-4D89-8403-E279545ACF81}.Release|x86.Build.0 = Release|x86
		{D17E9BC7-4941-489B-822F-FC0B9B33FD36}.Debug|Any CPU.ActiveCfg = Debug|Any CPU
		{D17E9BC7-4941-489B-822F-FC0B9B33FD36}.Debug|Any CPU.Build.0 = Debug|Any CPU
		{D17E9BC7-4941-489B-822F-FC0B9B33FD36}.Debug|x64.ActiveCfg = Debug|x64
		{D17E9BC7-4941-489B-822F-FC0B9B33FD36}.Debug|x64.Build.0 = Debug|x64
		{D17E9BC7-4941-489B-822F-FC0B9B33FD36}.Debug|x86.ActiveCfg = Debug|x86
		{D17E9BC7-4941-489B-822F-FC0B9B33FD36}.Debug|x86.Build.0 = Debug|x86
		{D17E9BC7-4941-489B-822F-FC0B9B33FD36}.Release|Any CPU.ActiveCfg = Release|Any CPU
		{D17E9BC7-4941-489B-822F-FC0B9B33FD36}.Release|Any CPU.Build.0 = Release|Any CPU
		{D17E9BC7-4941-489B-822F-FC0B9B33FD36}.Release|x64.ActiveCfg = Release|x64
		{D17E9BC7-4941-489B-822F-FC0B9B33FD36}.Release|x64.Build.0 = Release|x64
		{D17E9BC7-4941-489B-822F-FC0B9B33FD36}.Release|x86.ActiveCfg = Release|x86
		{D17E9BC7-4941-489B-822F-FC0B9B33FD36}.Release|x86.Build.0 = Release|x86
		{13B23917-78C2-458D-A175-559E99C96D3C}.Debug|Any CPU.ActiveCfg = Debug|Any CPU
		{13B23917-78C2-458D-A175-559E99C96D3C}.Debug|Any CPU.Build.0 = Debug|Any CPU
		{13B23917-78C2-458D-A175-559E99C96D3C}.Debug|x64.ActiveCfg = Debug|x64
		{13B23917-78C2-458D-A175-559E99C96D3C}.Debug|x64.Build.0 = Debug|x64
		{13B23917-78C2-458D-A175-559E99C96D3C}.Debug|x86.ActiveCfg = Debug|x86
		{13B23917-78C2-458D-A175-559E99C96D3C}.Debug|x86.Build.0 = Debug|x86
		{13B23917-78C2-458D-A175-559E99C96D3C}.Release|Any CPU.ActiveCfg = Release|Any CPU
		{13B23917-78C2-458D-A175-559E99C96D3C}.Release|Any CPU.Build.0 = Release|Any CPU
		{13B23917-78C2-458D-A175-559E99C96D3C}.Release|x64.ActiveCfg = Release|x64
		{13B23917-78C2-458D-A175-559E99C96D3C}.Release|x64.Build.0 = Release|x64
		{13B23917-78C2-458D-A175-559E99C96D3C}.Release|x86.ActiveCfg = Release|x86
		{13B23917-78C2-458D-A175-559E99C96D3C}.Release|x86.Build.0 = Release|x86
		{16B34400-9320-47C7-92AF-6E90E79D05C7}.Debug|Any CPU.ActiveCfg = Debug|Any CPU
		{16B34400-9320-47C7-92AF-6E90E79D05C7}.Debug|Any CPU.Build.0 = Debug|Any CPU
		{16B34400-9320-47C7-92AF-6E90E79D05C7}.Debug|x64.ActiveCfg = Debug|Any CPU
		{16B34400-9320-47C7-92AF-6E90E79D05C7}.Debug|x64.Build.0 = Debug|Any CPU
		{16B34400-9320-47C7-92AF-6E90E79D05C7}.Debug|x86.ActiveCfg = Debug|Any CPU
		{16B34400-9320-47C7-92AF-6E90E79D05C7}.Debug|x86.Build.0 = Debug|Any CPU
		{16B34400-9320-47C7-92AF-6E90E79D05C7}.Release|Any CPU.ActiveCfg = Release|Any CPU
		{16B34400-9320-47C7-92AF-6E90E79D05C7}.Release|Any CPU.Build.0 = Release|Any CPU
		{16B34400-9320-47C7-92AF-6E90E79D05C7}.Release|x64.ActiveCfg = Release|Any CPU
		{16B34400-9320-47C7-92AF-6E90E79D05C7}.Release|x64.Build.0 = Release|Any CPU
		{16B34400-9320-47C7-92AF-6E90E79D05C7}.Release|x86.ActiveCfg = Release|Any CPU
		{16B34400-9320-47C7-92AF-6E90E79D05C7}.Release|x86.Build.0 = Release|Any CPU
		{CF068750-B490-4363-8826-8FF406540324}.Debug|Any CPU.ActiveCfg = Debug|Any CPU
		{CF068750-B490-4363-8826-8FF406540324}.Debug|Any CPU.Build.0 = Debug|Any CPU
		{CF068750-B490-4363-8826-8FF406540324}.Debug|x64.ActiveCfg = Debug|Any CPU
		{CF068750-B490-4363-8826-8FF406540324}.Debug|x64.Build.0 = Debug|Any CPU
		{CF068750-B490-4363-8826-8FF406540324}.Debug|x86.ActiveCfg = Debug|Any CPU
		{CF068750-B490-4363-8826-8FF406540324}.Debug|x86.Build.0 = Debug|Any CPU
		{CF068750-B490-4363-8826-8FF406540324}.Release|Any CPU.ActiveCfg = Release|Any CPU
		{CF068750-B490-4363-8826-8FF406540324}.Release|Any CPU.Build.0 = Release|Any CPU
		{CF068750-B490-4363-8826-8FF406540324}.Release|x64.ActiveCfg = Release|Any CPU
		{CF068750-B490-4363-8826-8FF406540324}.Release|x64.Build.0 = Release|Any CPU
		{CF068750-B490-4363-8826-8FF406540324}.Release|x86.ActiveCfg = Release|Any CPU
		{CF068750-B490-4363-8826-8FF406540324}.Release|x86.Build.0 = Release|Any CPU
		{54DF9FA2-053C-45BC-8248-0106D10DED75}.Debug|Any CPU.ActiveCfg = Debug|Any CPU
		{54DF9FA2-053C-45BC-8248-0106D10DED75}.Debug|Any CPU.Build.0 = Debug|Any CPU
		{54DF9FA2-053C-45BC-8248-0106D10DED75}.Debug|x64.ActiveCfg = Debug|Any CPU
		{54DF9FA2-053C-45BC-8248-0106D10DED75}.Debug|x64.Build.0 = Debug|Any CPU
		{54DF9FA2-053C-45BC-8248-0106D10DED75}.Debug|x86.ActiveCfg = Debug|Any CPU
		{54DF9FA2-053C-45BC-8248-0106D10DED75}.Debug|x86.Build.0 = Debug|Any CPU
		{54DF9FA2-053C-45BC-8248-0106D10DED75}.Release|Any CPU.ActiveCfg = Release|Any CPU
		{54DF9FA2-053C-45BC-8248-0106D10DED75}.Release|Any CPU.Build.0 = Release|Any CPU
		{54DF9FA2-053C-45BC-8248-0106D10DED75}.Release|x64.ActiveCfg = Release|Any CPU
		{54DF9FA2-053C-45BC-8248-0106D10DED75}.Release|x64.Build.0 = Release|Any CPU
		{54DF9FA2-053C-45BC-8248-0106D10DED75}.Release|x86.ActiveCfg = Release|Any CPU
		{54DF9FA2-053C-45BC-8248-0106D10DED75}.Release|x86.Build.0 = Release|Any CPU
		{18E0E14F-BB0B-46CF-BCC4-143337E5C3BC}.Debug|Any CPU.ActiveCfg = Debug|Any CPU
		{18E0E14F-BB0B-46CF-BCC4-143337E5C3BC}.Debug|Any CPU.Build.0 = Debug|Any CPU
		{18E0E14F-BB0B-46CF-BCC4-143337E5C3BC}.Debug|x64.ActiveCfg = Debug|Any CPU
		{18E0E14F-BB0B-46CF-BCC4-143337E5C3BC}.Debug|x64.Build.0 = Debug|Any CPU
		{18E0E14F-BB0B-46CF-BCC4-143337E5C3BC}.Debug|x86.ActiveCfg = Debug|Any CPU
		{18E0E14F-BB0B-46CF-BCC4-143337E5C3BC}.Debug|x86.Build.0 = Debug|Any CPU
		{18E0E14F-BB0B-46CF-BCC4-143337E5C3BC}.Release|Any CPU.ActiveCfg = Release|Any CPU
		{18E0E14F-BB0B-46CF-BCC4-143337E5C3BC}.Release|Any CPU.Build.0 = Release|Any CPU
		{18E0E14F-BB0B-46CF-BCC4-143337E5C3BC}.Release|x64.ActiveCfg = Release|Any CPU
		{18E0E14F-BB0B-46CF-BCC4-143337E5C3BC}.Release|x64.Build.0 = Release|Any CPU
		{18E0E14F-BB0B-46CF-BCC4-143337E5C3BC}.Release|x86.ActiveCfg = Release|Any CPU
		{18E0E14F-BB0B-46CF-BCC4-143337E5C3BC}.Release|x86.Build.0 = Release|Any CPU
		{1556AECA-43B2-4954-AA1B-0EEF06A562EA}.Debug|Any CPU.ActiveCfg = Debug|Any CPU
		{1556AECA-43B2-4954-AA1B-0EEF06A562EA}.Debug|Any CPU.Build.0 = Debug|Any CPU
		{1556AECA-43B2-4954-AA1B-0EEF06A562EA}.Debug|x64.ActiveCfg = Debug|Any CPU
		{1556AECA-43B2-4954-AA1B-0EEF06A562EA}.Debug|x64.Build.0 = Debug|Any CPU
		{1556AECA-43B2-4954-AA1B-0EEF06A562EA}.Debug|x86.ActiveCfg = Debug|Any CPU
		{1556AECA-43B2-4954-AA1B-0EEF06A562EA}.Debug|x86.Build.0 = Debug|Any CPU
		{1556AECA-43B2-4954-AA1B-0EEF06A562EA}.Release|Any CPU.ActiveCfg = Release|Any CPU
		{1556AECA-43B2-4954-AA1B-0EEF06A562EA}.Release|Any CPU.Build.0 = Release|Any CPU
		{1556AECA-43B2-4954-AA1B-0EEF06A562EA}.Release|x64.ActiveCfg = Release|Any CPU
		{1556AECA-43B2-4954-AA1B-0EEF06A562EA}.Release|x64.Build.0 = Release|Any CPU
		{1556AECA-43B2-4954-AA1B-0EEF06A562EA}.Release|x86.ActiveCfg = Release|Any CPU
		{1556AECA-43B2-4954-AA1B-0EEF06A562EA}.Release|x86.Build.0 = Release|Any CPU
		{B9DF2FD7-7E55-4B17-BA43-82DA35F27D73}.Debug|Any CPU.ActiveCfg = Debug|Any CPU
		{B9DF2FD7-7E55-4B17-BA43-82DA35F27D73}.Debug|Any CPU.Build.0 = Debug|Any CPU
		{B9DF2FD7-7E55-4B17-BA43-82DA35F27D73}.Debug|x64.ActiveCfg = Debug|Any CPU
		{B9DF2FD7-7E55-4B17-BA43-82DA35F27D73}.Debug|x64.Build.0 = Debug|Any CPU
		{B9DF2FD7-7E55-4B17-BA43-82DA35F27D73}.Debug|x86.ActiveCfg = Debug|Any CPU
		{B9DF2FD7-7E55-4B17-BA43-82DA35F27D73}.Debug|x86.Build.0 = Debug|Any CPU
		{B9DF2FD7-7E55-4B17-BA43-82DA35F27D73}.Release|Any CPU.ActiveCfg = Release|Any CPU
		{B9DF2FD7-7E55-4B17-BA43-82DA35F27D73}.Release|Any CPU.Build.0 = Release|Any CPU
		{B9DF2FD7-7E55-4B17-BA43-82DA35F27D73}.Release|x64.ActiveCfg = Release|Any CPU
		{B9DF2FD7-7E55-4B17-BA43-82DA35F27D73}.Release|x64.Build.0 = Release|Any CPU
		{B9DF2FD7-7E55-4B17-BA43-82DA35F27D73}.Release|x86.ActiveCfg = Release|Any CPU
		{B9DF2FD7-7E55-4B17-BA43-82DA35F27D73}.Release|x86.Build.0 = Release|Any CPU
		{7903927C-3E49-4B5D-B2F7-163EBEFC1B0A}.Debug|Any CPU.ActiveCfg = Debug|Any CPU
		{7903927C-3E49-4B5D-B2F7-163EBEFC1B0A}.Debug|Any CPU.Build.0 = Debug|Any CPU
		{7903927C-3E49-4B5D-B2F7-163EBEFC1B0A}.Debug|x64.ActiveCfg = Debug|Any CPU
		{7903927C-3E49-4B5D-B2F7-163EBEFC1B0A}.Debug|x64.Build.0 = Debug|Any CPU
		{7903927C-3E49-4B5D-B2F7-163EBEFC1B0A}.Debug|x86.ActiveCfg = Debug|Any CPU
		{7903927C-3E49-4B5D-B2F7-163EBEFC1B0A}.Debug|x86.Build.0 = Debug|Any CPU
		{7903927C-3E49-4B5D-B2F7-163EBEFC1B0A}.Release|Any CPU.ActiveCfg = Release|Any CPU
		{7903927C-3E49-4B5D-B2F7-163EBEFC1B0A}.Release|Any CPU.Build.0 = Release|Any CPU
		{7903927C-3E49-4B5D-B2F7-163EBEFC1B0A}.Release|x64.ActiveCfg = Release|Any CPU
		{7903927C-3E49-4B5D-B2F7-163EBEFC1B0A}.Release|x64.Build.0 = Release|Any CPU
		{7903927C-3E49-4B5D-B2F7-163EBEFC1B0A}.Release|x86.ActiveCfg = Release|Any CPU
		{7903927C-3E49-4B5D-B2F7-163EBEFC1B0A}.Release|x86.Build.0 = Release|Any CPU
		{D44C4D0E-4440-402D-AAAB-A6F92AF09184}.Debug|Any CPU.ActiveCfg = Debug|Any CPU
		{D44C4D0E-4440-402D-AAAB-A6F92AF09184}.Debug|Any CPU.Build.0 = Debug|Any CPU
		{D44C4D0E-4440-402D-AAAB-A6F92AF09184}.Debug|x64.ActiveCfg = Debug|Any CPU
		{D44C4D0E-4440-402D-AAAB-A6F92AF09184}.Debug|x64.Build.0 = Debug|Any CPU
		{D44C4D0E-4440-402D-AAAB-A6F92AF09184}.Debug|x86.ActiveCfg = Debug|Any CPU
		{D44C4D0E-4440-402D-AAAB-A6F92AF09184}.Debug|x86.Build.0 = Debug|Any CPU
		{D44C4D0E-4440-402D-AAAB-A6F92AF09184}.Release|Any CPU.ActiveCfg = Release|Any CPU
		{D44C4D0E-4440-402D-AAAB-A6F92AF09184}.Release|Any CPU.Build.0 = Release|Any CPU
		{D44C4D0E-4440-402D-AAAB-A6F92AF09184}.Release|x64.ActiveCfg = Release|Any CPU
		{D44C4D0E-4440-402D-AAAB-A6F92AF09184}.Release|x64.Build.0 = Release|Any CPU
		{D44C4D0E-4440-402D-AAAB-A6F92AF09184}.Release|x86.ActiveCfg = Release|Any CPU
		{D44C4D0E-4440-402D-AAAB-A6F92AF09184}.Release|x86.Build.0 = Release|Any CPU
		{9AE5CA3F-762A-45C6-9076-BE9FA09BAFD0}.Debug|Any CPU.ActiveCfg = Debug|Any CPU
		{9AE5CA3F-762A-45C6-9076-BE9FA09BAFD0}.Debug|Any CPU.Build.0 = Debug|Any CPU
		{9AE5CA3F-762A-45C6-9076-BE9FA09BAFD0}.Debug|x64.ActiveCfg = Debug|Any CPU
		{9AE5CA3F-762A-45C6-9076-BE9FA09BAFD0}.Debug|x64.Build.0 = Debug|Any CPU
		{9AE5CA3F-762A-45C6-9076-BE9FA09BAFD0}.Debug|x86.ActiveCfg = Debug|Any CPU
		{9AE5CA3F-762A-45C6-9076-BE9FA09BAFD0}.Debug|x86.Build.0 = Debug|Any CPU
		{9AE5CA3F-762A-45C6-9076-BE9FA09BAFD0}.Release|Any CPU.ActiveCfg = Release|Any CPU
		{9AE5CA3F-762A-45C6-9076-BE9FA09BAFD0}.Release|Any CPU.Build.0 = Release|Any CPU
		{9AE5CA3F-762A-45C6-9076-BE9FA09BAFD0}.Release|x64.ActiveCfg = Release|Any CPU
		{9AE5CA3F-762A-45C6-9076-BE9FA09BAFD0}.Release|x64.Build.0 = Release|Any CPU
		{9AE5CA3F-762A-45C6-9076-BE9FA09BAFD0}.Release|x86.ActiveCfg = Release|Any CPU
		{9AE5CA3F-762A-45C6-9076-BE9FA09BAFD0}.Release|x86.Build.0 = Release|Any CPU
		{D9E7831D-B0CA-41FD-B8A5-B43FF5E58DF0}.Debug|Any CPU.ActiveCfg = Debug|Any CPU
		{D9E7831D-B0CA-41FD-B8A5-B43FF5E58DF0}.Debug|Any CPU.Build.0 = Debug|Any CPU
		{D9E7831D-B0CA-41FD-B8A5-B43FF5E58DF0}.Debug|x64.ActiveCfg = Debug|Any CPU
		{D9E7831D-B0CA-41FD-B8A5-B43FF5E58DF0}.Debug|x64.Build.0 = Debug|Any CPU
		{D9E7831D-B0CA-41FD-B8A5-B43FF5E58DF0}.Debug|x86.ActiveCfg = Debug|Any CPU
		{D9E7831D-B0CA-41FD-B8A5-B43FF5E58DF0}.Debug|x86.Build.0 = Debug|Any CPU
		{D9E7831D-B0CA-41FD-B8A5-B43FF5E58DF0}.Release|Any CPU.ActiveCfg = Release|Any CPU
		{D9E7831D-B0CA-41FD-B8A5-B43FF5E58DF0}.Release|Any CPU.Build.0 = Release|Any CPU
		{D9E7831D-B0CA-41FD-B8A5-B43FF5E58DF0}.Release|x64.ActiveCfg = Release|Any CPU
		{D9E7831D-B0CA-41FD-B8A5-B43FF5E58DF0}.Release|x64.Build.0 = Release|Any CPU
		{D9E7831D-B0CA-41FD-B8A5-B43FF5E58DF0}.Release|x86.ActiveCfg = Release|Any CPU
		{D9E7831D-B0CA-41FD-B8A5-B43FF5E58DF0}.Release|x86.Build.0 = Release|Any CPU
		{0C734D3E-A552-48CB-9A71-EBCE6A61740B}.Debug|Any CPU.ActiveCfg = Debug|Any CPU
		{0C734D3E-A552-48CB-9A71-EBCE6A61740B}.Debug|Any CPU.Build.0 = Debug|Any CPU
		{0C734D3E-A552-48CB-9A71-EBCE6A61740B}.Debug|x64.ActiveCfg = Debug|Any CPU
		{0C734D3E-A552-48CB-9A71-EBCE6A61740B}.Debug|x64.Build.0 = Debug|Any CPU
		{0C734D3E-A552-48CB-9A71-EBCE6A61740B}.Debug|x86.ActiveCfg = Debug|Any CPU
		{0C734D3E-A552-48CB-9A71-EBCE6A61740B}.Debug|x86.Build.0 = Debug|Any CPU
		{0C734D3E-A552-48CB-9A71-EBCE6A61740B}.Release|Any CPU.ActiveCfg = Release|Any CPU
		{0C734D3E-A552-48CB-9A71-EBCE6A61740B}.Release|Any CPU.Build.0 = Release|Any CPU
		{0C734D3E-A552-48CB-9A71-EBCE6A61740B}.Release|x64.ActiveCfg = Release|Any CPU
		{0C734D3E-A552-48CB-9A71-EBCE6A61740B}.Release|x64.Build.0 = Release|Any CPU
		{0C734D3E-A552-48CB-9A71-EBCE6A61740B}.Release|x86.ActiveCfg = Release|Any CPU
		{0C734D3E-A552-48CB-9A71-EBCE6A61740B}.Release|x86.Build.0 = Release|Any CPU
		{D8246774-516C-4E7C-8926-41812E5500B2}.Debug|Any CPU.ActiveCfg = Debug|Any CPU
		{D8246774-516C-4E7C-8926-41812E5500B2}.Debug|Any CPU.Build.0 = Debug|Any CPU
		{D8246774-516C-4E7C-8926-41812E5500B2}.Debug|x64.ActiveCfg = Debug|Any CPU
		{D8246774-516C-4E7C-8926-41812E5500B2}.Debug|x64.Build.0 = Debug|Any CPU
		{D8246774-516C-4E7C-8926-41812E5500B2}.Debug|x86.ActiveCfg = Debug|Any CPU
		{D8246774-516C-4E7C-8926-41812E5500B2}.Debug|x86.Build.0 = Debug|Any CPU
		{D8246774-516C-4E7C-8926-41812E5500B2}.Release|Any CPU.ActiveCfg = Release|Any CPU
		{D8246774-516C-4E7C-8926-41812E5500B2}.Release|Any CPU.Build.0 = Release|Any CPU
		{D8246774-516C-4E7C-8926-41812E5500B2}.Release|x64.ActiveCfg = Release|Any CPU
		{D8246774-516C-4E7C-8926-41812E5500B2}.Release|x64.Build.0 = Release|Any CPU
		{D8246774-516C-4E7C-8926-41812E5500B2}.Release|x86.ActiveCfg = Release|Any CPU
		{D8246774-516C-4E7C-8926-41812E5500B2}.Release|x86.Build.0 = Release|Any CPU
		{320D673C-DAE7-4501-A376-213D6A104410}.Debug|Any CPU.ActiveCfg = Debug|Any CPU
		{320D673C-DAE7-4501-A376-213D6A104410}.Debug|Any CPU.Build.0 = Debug|Any CPU
		{320D673C-DAE7-4501-A376-213D6A104410}.Debug|x64.ActiveCfg = Debug|Any CPU
		{320D673C-DAE7-4501-A376-213D6A104410}.Debug|x64.Build.0 = Debug|Any CPU
		{320D673C-DAE7-4501-A376-213D6A104410}.Debug|x86.ActiveCfg = Debug|Any CPU
		{320D673C-DAE7-4501-A376-213D6A104410}.Debug|x86.Build.0 = Debug|Any CPU
		{320D673C-DAE7-4501-A376-213D6A104410}.Release|Any CPU.ActiveCfg = Release|Any CPU
		{320D673C-DAE7-4501-A376-213D6A104410}.Release|Any CPU.Build.0 = Release|Any CPU
		{320D673C-DAE7-4501-A376-213D6A104410}.Release|x64.ActiveCfg = Release|Any CPU
		{320D673C-DAE7-4501-A376-213D6A104410}.Release|x64.Build.0 = Release|Any CPU
		{320D673C-DAE7-4501-A376-213D6A104410}.Release|x86.ActiveCfg = Release|Any CPU
		{320D673C-DAE7-4501-A376-213D6A104410}.Release|x86.Build.0 = Release|Any CPU
		{2C42766D-EBD9-4AB6-A3A6-E8407F339663}.Debug|Any CPU.ActiveCfg = Debug|Any CPU
		{2C42766D-EBD9-4AB6-A3A6-E8407F339663}.Debug|Any CPU.Build.0 = Debug|Any CPU
		{2C42766D-EBD9-4AB6-A3A6-E8407F339663}.Debug|x64.ActiveCfg = Debug|Any CPU
		{2C42766D-EBD9-4AB6-A3A6-E8407F339663}.Debug|x64.Build.0 = Debug|Any CPU
		{2C42766D-EBD9-4AB6-A3A6-E8407F339663}.Debug|x86.ActiveCfg = Debug|Any CPU
		{2C42766D-EBD9-4AB6-A3A6-E8407F339663}.Debug|x86.Build.0 = Debug|Any CPU
		{2C42766D-EBD9-4AB6-A3A6-E8407F339663}.Release|Any CPU.ActiveCfg = Release|Any CPU
		{2C42766D-EBD9-4AB6-A3A6-E8407F339663}.Release|Any CPU.Build.0 = Release|Any CPU
		{2C42766D-EBD9-4AB6-A3A6-E8407F339663}.Release|x64.ActiveCfg = Release|Any CPU
		{2C42766D-EBD9-4AB6-A3A6-E8407F339663}.Release|x64.Build.0 = Release|Any CPU
		{2C42766D-EBD9-4AB6-A3A6-E8407F339663}.Release|x86.ActiveCfg = Release|Any CPU
		{2C42766D-EBD9-4AB6-A3A6-E8407F339663}.Release|x86.Build.0 = Release|Any CPU
		{09638816-89B1-4DC0-B713-4E78F0E99165}.Debug|Any CPU.ActiveCfg = Debug|Any CPU
		{09638816-89B1-4DC0-B713-4E78F0E99165}.Debug|Any CPU.Build.0 = Debug|Any CPU
		{09638816-89B1-4DC0-B713-4E78F0E99165}.Debug|x64.ActiveCfg = Debug|Any CPU
		{09638816-89B1-4DC0-B713-4E78F0E99165}.Debug|x64.Build.0 = Debug|Any CPU
		{09638816-89B1-4DC0-B713-4E78F0E99165}.Debug|x86.ActiveCfg = Debug|Any CPU
		{09638816-89B1-4DC0-B713-4E78F0E99165}.Debug|x86.Build.0 = Debug|Any CPU
		{09638816-89B1-4DC0-B713-4E78F0E99165}.Release|Any CPU.ActiveCfg = Release|Any CPU
		{09638816-89B1-4DC0-B713-4E78F0E99165}.Release|Any CPU.Build.0 = Release|Any CPU
		{09638816-89B1-4DC0-B713-4E78F0E99165}.Release|x64.ActiveCfg = Release|Any CPU
		{09638816-89B1-4DC0-B713-4E78F0E99165}.Release|x64.Build.0 = Release|Any CPU
		{09638816-89B1-4DC0-B713-4E78F0E99165}.Release|x86.ActiveCfg = Release|Any CPU
		{09638816-89B1-4DC0-B713-4E78F0E99165}.Release|x86.Build.0 = Release|Any CPU
		{B4D43327-E734-41E7-B1C6-68F64B10A6AD}.Debug|Any CPU.ActiveCfg = Debug|Any CPU
		{B4D43327-E734-41E7-B1C6-68F64B10A6AD}.Debug|Any CPU.Build.0 = Debug|Any CPU
		{B4D43327-E734-41E7-B1C6-68F64B10A6AD}.Debug|x64.ActiveCfg = Debug|Any CPU
		{B4D43327-E734-41E7-B1C6-68F64B10A6AD}.Debug|x64.Build.0 = Debug|Any CPU
		{B4D43327-E734-41E7-B1C6-68F64B10A6AD}.Debug|x86.ActiveCfg = Debug|Any CPU
		{B4D43327-E734-41E7-B1C6-68F64B10A6AD}.Debug|x86.Build.0 = Debug|Any CPU
		{B4D43327-E734-41E7-B1C6-68F64B10A6AD}.Release|Any CPU.ActiveCfg = Release|Any CPU
		{B4D43327-E734-41E7-B1C6-68F64B10A6AD}.Release|Any CPU.Build.0 = Release|Any CPU
		{B4D43327-E734-41E7-B1C6-68F64B10A6AD}.Release|x64.ActiveCfg = Release|Any CPU
		{B4D43327-E734-41E7-B1C6-68F64B10A6AD}.Release|x64.Build.0 = Release|Any CPU
		{B4D43327-E734-41E7-B1C6-68F64B10A6AD}.Release|x86.ActiveCfg = Release|Any CPU
		{B4D43327-E734-41E7-B1C6-68F64B10A6AD}.Release|x86.Build.0 = Release|Any CPU
		{80FDB146-2567-439D-8403-5FF3B08F331F}.Debug|Any CPU.ActiveCfg = Debug|Any CPU
		{80FDB146-2567-439D-8403-5FF3B08F331F}.Debug|Any CPU.Build.0 = Debug|Any CPU
		{80FDB146-2567-439D-8403-5FF3B08F331F}.Debug|x64.ActiveCfg = Debug|Any CPU
		{80FDB146-2567-439D-8403-5FF3B08F331F}.Debug|x64.Build.0 = Debug|Any CPU
		{80FDB146-2567-439D-8403-5FF3B08F331F}.Debug|x86.ActiveCfg = Debug|Any CPU
		{80FDB146-2567-439D-8403-5FF3B08F331F}.Debug|x86.Build.0 = Debug|Any CPU
		{80FDB146-2567-439D-8403-5FF3B08F331F}.Release|Any CPU.ActiveCfg = Release|Any CPU
		{80FDB146-2567-439D-8403-5FF3B08F331F}.Release|Any CPU.Build.0 = Release|Any CPU
		{80FDB146-2567-439D-8403-5FF3B08F331F}.Release|x64.ActiveCfg = Release|Any CPU
		{80FDB146-2567-439D-8403-5FF3B08F331F}.Release|x64.Build.0 = Release|Any CPU
		{80FDB146-2567-439D-8403-5FF3B08F331F}.Release|x86.ActiveCfg = Release|Any CPU
		{80FDB146-2567-439D-8403-5FF3B08F331F}.Release|x86.Build.0 = Release|Any CPU
		{5CD400F8-CC8B-4507-A011-A7BD5D16879B}.Debug|Any CPU.ActiveCfg = Debug|Any CPU
		{5CD400F8-CC8B-4507-A011-A7BD5D16879B}.Debug|Any CPU.Build.0 = Debug|Any CPU
		{5CD400F8-CC8B-4507-A011-A7BD5D16879B}.Debug|x64.ActiveCfg = Debug|Any CPU
		{5CD400F8-CC8B-4507-A011-A7BD5D16879B}.Debug|x64.Build.0 = Debug|Any CPU
		{5CD400F8-CC8B-4507-A011-A7BD5D16879B}.Debug|x86.ActiveCfg = Debug|Any CPU
		{5CD400F8-CC8B-4507-A011-A7BD5D16879B}.Debug|x86.Build.0 = Debug|Any CPU
		{5CD400F8-CC8B-4507-A011-A7BD5D16879B}.Release|Any CPU.ActiveCfg = Release|Any CPU
		{5CD400F8-CC8B-4507-A011-A7BD5D16879B}.Release|Any CPU.Build.0 = Release|Any CPU
		{5CD400F8-CC8B-4507-A011-A7BD5D16879B}.Release|x64.ActiveCfg = Release|Any CPU
		{5CD400F8-CC8B-4507-A011-A7BD5D16879B}.Release|x64.Build.0 = Release|Any CPU
		{5CD400F8-CC8B-4507-A011-A7BD5D16879B}.Release|x86.ActiveCfg = Release|Any CPU
		{5CD400F8-CC8B-4507-A011-A7BD5D16879B}.Release|x86.Build.0 = Release|Any CPU
		{F6904C4F-C17D-41B3-A0DE-6B622500136B}.Debug|Any CPU.ActiveCfg = Debug|Any CPU
		{F6904C4F-C17D-41B3-A0DE-6B622500136B}.Debug|Any CPU.Build.0 = Debug|Any CPU
		{F6904C4F-C17D-41B3-A0DE-6B622500136B}.Debug|x64.ActiveCfg = Debug|Any CPU
		{F6904C4F-C17D-41B3-A0DE-6B622500136B}.Debug|x64.Build.0 = Debug|Any CPU
		{F6904C4F-C17D-41B3-A0DE-6B622500136B}.Debug|x86.ActiveCfg = Debug|Any CPU
		{F6904C4F-C17D-41B3-A0DE-6B622500136B}.Debug|x86.Build.0 = Debug|Any CPU
		{F6904C4F-C17D-41B3-A0DE-6B622500136B}.Release|Any CPU.ActiveCfg = Release|Any CPU
		{F6904C4F-C17D-41B3-A0DE-6B622500136B}.Release|Any CPU.Build.0 = Release|Any CPU
		{F6904C4F-C17D-41B3-A0DE-6B622500136B}.Release|x64.ActiveCfg = Release|Any CPU
		{F6904C4F-C17D-41B3-A0DE-6B622500136B}.Release|x64.Build.0 = Release|Any CPU
		{F6904C4F-C17D-41B3-A0DE-6B622500136B}.Release|x86.ActiveCfg = Release|Any CPU
		{F6904C4F-C17D-41B3-A0DE-6B622500136B}.Release|x86.Build.0 = Release|Any CPU
		{400B1D09-937A-48AA-9A2A-B61EF2D1B661}.Debug|Any CPU.ActiveCfg = Debug|Any CPU
		{400B1D09-937A-48AA-9A2A-B61EF2D1B661}.Debug|Any CPU.Build.0 = Debug|Any CPU
		{400B1D09-937A-48AA-9A2A-B61EF2D1B661}.Debug|x64.ActiveCfg = Debug|Any CPU
		{400B1D09-937A-48AA-9A2A-B61EF2D1B661}.Debug|x64.Build.0 = Debug|Any CPU
		{400B1D09-937A-48AA-9A2A-B61EF2D1B661}.Debug|x86.ActiveCfg = Debug|Any CPU
		{400B1D09-937A-48AA-9A2A-B61EF2D1B661}.Debug|x86.Build.0 = Debug|Any CPU
		{400B1D09-937A-48AA-9A2A-B61EF2D1B661}.Release|Any CPU.ActiveCfg = Release|Any CPU
		{400B1D09-937A-48AA-9A2A-B61EF2D1B661}.Release|Any CPU.Build.0 = Release|Any CPU
		{400B1D09-937A-48AA-9A2A-B61EF2D1B661}.Release|x64.ActiveCfg = Release|Any CPU
		{400B1D09-937A-48AA-9A2A-B61EF2D1B661}.Release|x64.Build.0 = Release|Any CPU
		{400B1D09-937A-48AA-9A2A-B61EF2D1B661}.Release|x86.ActiveCfg = Release|Any CPU
		{400B1D09-937A-48AA-9A2A-B61EF2D1B661}.Release|x86.Build.0 = Release|Any CPU
		{338D0EBE-92AE-4056-B780-CA047CF8E9C7}.Debug|Any CPU.ActiveCfg = Debug|Any CPU
		{338D0EBE-92AE-4056-B780-CA047CF8E9C7}.Debug|Any CPU.Build.0 = Debug|Any CPU
		{338D0EBE-92AE-4056-B780-CA047CF8E9C7}.Debug|x64.ActiveCfg = Debug|Any CPU
		{338D0EBE-92AE-4056-B780-CA047CF8E9C7}.Debug|x64.Build.0 = Debug|Any CPU
		{338D0EBE-92AE-4056-B780-CA047CF8E9C7}.Debug|x86.ActiveCfg = Debug|Any CPU
		{338D0EBE-92AE-4056-B780-CA047CF8E9C7}.Debug|x86.Build.0 = Debug|Any CPU
		{338D0EBE-92AE-4056-B780-CA047CF8E9C7}.Release|Any CPU.ActiveCfg = Release|Any CPU
		{338D0EBE-92AE-4056-B780-CA047CF8E9C7}.Release|Any CPU.Build.0 = Release|Any CPU
		{338D0EBE-92AE-4056-B780-CA047CF8E9C7}.Release|x64.ActiveCfg = Release|Any CPU
		{338D0EBE-92AE-4056-B780-CA047CF8E9C7}.Release|x64.Build.0 = Release|Any CPU
		{338D0EBE-92AE-4056-B780-CA047CF8E9C7}.Release|x86.ActiveCfg = Release|Any CPU
		{338D0EBE-92AE-4056-B780-CA047CF8E9C7}.Release|x86.Build.0 = Release|Any CPU
		{31880C0E-F852-4BD2-8FA9-B1D8B9725D5D}.Debug|Any CPU.ActiveCfg = Debug|Any CPU
		{31880C0E-F852-4BD2-8FA9-B1D8B9725D5D}.Debug|Any CPU.Build.0 = Debug|Any CPU
		{31880C0E-F852-4BD2-8FA9-B1D8B9725D5D}.Debug|x64.ActiveCfg = Debug|Any CPU
		{31880C0E-F852-4BD2-8FA9-B1D8B9725D5D}.Debug|x64.Build.0 = Debug|Any CPU
		{31880C0E-F852-4BD2-8FA9-B1D8B9725D5D}.Debug|x86.ActiveCfg = Debug|Any CPU
		{31880C0E-F852-4BD2-8FA9-B1D8B9725D5D}.Debug|x86.Build.0 = Debug|Any CPU
		{31880C0E-F852-4BD2-8FA9-B1D8B9725D5D}.Release|Any CPU.ActiveCfg = Release|Any CPU
		{31880C0E-F852-4BD2-8FA9-B1D8B9725D5D}.Release|Any CPU.Build.0 = Release|Any CPU
		{31880C0E-F852-4BD2-8FA9-B1D8B9725D5D}.Release|x64.ActiveCfg = Release|Any CPU
		{31880C0E-F852-4BD2-8FA9-B1D8B9725D5D}.Release|x64.Build.0 = Release|Any CPU
		{31880C0E-F852-4BD2-8FA9-B1D8B9725D5D}.Release|x86.ActiveCfg = Release|Any CPU
		{31880C0E-F852-4BD2-8FA9-B1D8B9725D5D}.Release|x86.Build.0 = Release|Any CPU
	EndGlobalSection
	GlobalSection(SolutionProperties) = preSolution
		HideSolutionNode = FALSE
	EndGlobalSection
	GlobalSection(NestedProjects) = preSolution
		{9F59ABAF-04B2-42C0-8FE7-1867607C6AE0} = {DF9D61D4-EE1B-4212-914D-C74223DDC1EF}
		{38414B46-41C5-4B15-9B31-DA7D81DACD46} = {9F59ABAF-04B2-42C0-8FE7-1867607C6AE0}
		{1B8181E7-C1CA-4D89-8403-E279545ACF81} = {9F59ABAF-04B2-42C0-8FE7-1867607C6AE0}
		{40CFBB5E-1D86-4193-BD27-517B6699E040} = {DF9D61D4-EE1B-4212-914D-C74223DDC1EF}
		{D17E9BC7-4941-489B-822F-FC0B9B33FD36} = {40CFBB5E-1D86-4193-BD27-517B6699E040}
		{13B23917-78C2-458D-A175-559E99C96D3C} = {40CFBB5E-1D86-4193-BD27-517B6699E040}
		{16B34400-9320-47C7-92AF-6E90E79D05C7} = {9F59ABAF-04B2-42C0-8FE7-1867607C6AE0}
		{185F6A79-3344-4E11-A2FE-FB067B06059B} = {DF9D61D4-EE1B-4212-914D-C74223DDC1EF}
		{54DF9FA2-053C-45BC-8248-0106D10DED75} = {185F6A79-3344-4E11-A2FE-FB067B06059B}
		{18E0E14F-BB0B-46CF-BCC4-143337E5C3BC} = {185F6A79-3344-4E11-A2FE-FB067B06059B}
		{B9DF2FD7-7E55-4B17-BA43-82DA35F27D73} = {CBF6C4DA-42BF-45AE-8714-5880A4E4ADEA}
		{7903927C-3E49-4B5D-B2F7-163EBEFC1B0A} = {CBF6C4DA-42BF-45AE-8714-5880A4E4ADEA}
		{9AE5CA3F-762A-45C6-9076-BE9FA09BAFD0} = {CBF6C4DA-42BF-45AE-8714-5880A4E4ADEA}
		{B4D43327-E734-41E7-B1C6-68F64B10A6AD} = {CBF6C4DA-42BF-45AE-8714-5880A4E4ADEA}
		{80FDB146-2567-439D-8403-5FF3B08F331F} = {CBF6C4DA-42BF-45AE-8714-5880A4E4ADEA}
		{F6904C4F-C17D-41B3-A0DE-6B622500136B} = {21CE3976-E587-426A-9F52-8720F4939B09}
		{400B1D09-937A-48AA-9A2A-B61EF2D1B661} = {21CE3976-E587-426A-9F52-8720F4939B09}
		{338D0EBE-92AE-4056-B780-CA047CF8E9C7} = {21CE3976-E587-426A-9F52-8720F4939B09}
		{31880C0E-F852-4BD2-8FA9-B1D8B9725D5D} = {21CE3976-E587-426A-9F52-8720F4939B09}
		{21CE3976-E587-426A-9F52-8720F4939B09} = {DF9D61D4-EE1B-4212-914D-C74223DDC1EF}
	EndGlobalSection
	GlobalSection(ExtensibilityGlobals) = postSolution
		SolutionGuid = {4F842927-3492-494F-A1CE-4A9ECF57C018}
	EndGlobalSection
EndGlobal
