
Microsoft Visual Studio Solution File, Format Version 12.00
# Visual Studio Version 17
VisualStudioVersion = 17.0.31903.59
MinimumVisualStudioVersion = 10.0.40219.1
Project("{9A19103F-16F7-4668-BE54-9A1E7A4F7556}") = "HandsLiftedApp", "HandsLiftedApp\HandsLiftedApp.csproj", "{18F861C4-B5D1-4283-A02F-3A625FCD1F35}"
EndProject
Project("{2150E333-8FDC-42A3-9474-1A3956D46DE8}") = "AvaloniaNDI", "AvaloniaNDI", "{9F59ABAF-04B2-42C0-8FE7-1867607C6AE0}"
	ProjectSection(SolutionItems) = preProject
		LICENSE.txt = LICENSE.txt
		AvaloniaNDI\README.md = AvaloniaNDI\README.md
	EndProjectSection
EndProject
Project("{9A19103F-16F7-4668-BE54-9A1E7A4F7556}") = "AvaloniaNDI", "Libraries\AvaloniaNDI\AvaloniaNDI\AvaloniaNDI.csproj", "{38414B46-41C5-4B15-9B31-DA7D81DACD46}"
EndProject
Project("{9A19103F-16F7-4668-BE54-9A1E7A4F7556}") = "NDILibDotNet2", "Libraries\AvaloniaNDI\NDILibDotNet2\NDILibDotNet2.csproj", "{1B8181E7-C1CA-4D89-8403-E279545ACF81}"
EndProject
Project("{2150E333-8FDC-42A3-9474-1A3956D46DE8}") = "Libraries", "Libraries", "{DF9D61D4-EE1B-4212-914D-C74223DDC1EF}"
EndProject
Project("{2150E333-8FDC-42A3-9474-1A3956D46DE8}") = "vlcsharpavalonia", "vlcsharpavalonia", "{40CFBB5E-1D86-4193-BD27-517B6699E040}"
EndProject
Project("{9A19103F-16F7-4668-BE54-9A1E7A4F7556}") = "LibVLCSharp.Avalonia.Sample", "Libraries\vlcsharpavalonia\samples\LibVLCSharp.Avalonia.Sample\LibVLCSharp.Avalonia.Sample.csproj", "{D17E9BC7-4941-489B-822F-FC0B9B33FD36}"
EndProject
Project("{9A19103F-16F7-4668-BE54-9A1E7A4F7556}") = "LibVLCSharp.Avalonia", "Libraries\vlcsharpavalonia\src\LibVLCSharp.Avalonia\LibVLCSharp.Avalonia.csproj", "{13B23917-78C2-458D-A175-559E99C96D3C}"
EndProject
Project("{9A19103F-16F7-4668-BE54-9A1E7A4F7556}") = "AvaloniaNDI.Sample", "Libraries\AvaloniaNDI\AvaloniaNDI.Sample\AvaloniaNDI.Sample.csproj", "{16B34400-9320-47C7-92AF-6E90E79D05C7}"
EndProject
Project("{9A19103F-16F7-4668-BE54-9A1E7A4F7556}") = "HandsLiftedApp.Data", "HandsLiftedApp.Models\HandsLiftedApp.Data.csproj", "{CF068750-B490-4363-8826-8FF406540324}"
EndProject
Project("{2150E333-8FDC-42A3-9474-1A3956D46DE8}") = "nativelibvlcsharp", "nativelibvlcsharp", "{185F6A79-3344-4E11-A2FE-FB067B06059B}"
EndProject
Project("{9A19103F-16F7-4668-BE54-9A1E7A4F7556}") = "TestVlcSharpAvaloniaApplication", "Libraries\nativevlcsharpavalonia\TestVlcSharpAvaloniaApplication\TestVlcSharpAvaloniaApplication.csproj", "{54DF9FA2-053C-45BC-8248-0106D10DED75}"
EndProject
Project("{2150E333-8FDC-42A3-9474-1A3956D46DE8}") = "Solution Items", "Solution Items", "{BD358C60-3880-4636-BD41-3C4AC68C5227}"
	ProjectSection(SolutionItems) = preProject
		.editorconfig = .editorconfig
		global.json = global.json
	EndProjectSection
EndProject
Project("{9A19103F-16F7-4668-BE54-9A1E7A4F7556}") = "TestVlcApp", "Libraries\nativevlcsharpavalonia\TestVlcApp\TestVlcApp.csproj", "{18E0E14F-BB0B-46CF-BCC4-143337E5C3BC}"
EndProject
Project("{9A19103F-16F7-4668-BE54-9A1E7A4F7556}") = "HandsLiftedApp.XTransitioningContentControl", "HandsLiftedApp.XTransitioningContentControl\HandsLiftedApp.XTransitioningContentControl.csproj", "{1556AECA-43B2-4954-AA1B-0EEF06A562EA}"
EndProject
Project("{9A19103F-16F7-4668-BE54-9A1E7A4F7556}") = "ScratchApp", "ScratchApp\ScratchApp.csproj", "{B9DF2FD7-7E55-4B17-BA43-82DA35F27D73}"
EndProject
Project("{2150E333-8FDC-42A3-9474-1A3956D46DE8}") = "Demos", "Demos", "{CBF6C4DA-42BF-45AE-8714-5880A4E4ADEA}"
EndProject
Project("{9A19103F-16F7-4668-BE54-9A1E7A4F7556}") = "StackedImagesOpacityDemo", "Demos\StackedImagesOpacityDemo\StackedImagesOpacityDemo.csproj", "{7903927C-3E49-4B5D-B2F7-163EBEFC1B0A}"
EndProject
Project("{2150E333-8FDC-42A3-9474-1A3956D46DE8}") = "Avalonia.ExtendedToolkit", "Avalonia.ExtendedToolkit", "{183EE6AC-F792-4A8F-ACB8-38949A0CFB35}"
EndProject
Project("{9A19103F-16F7-4668-BE54-9A1E7A4F7556}") = "Avalonia.ExtendedToolkit", "Libraries\Avalonia.ExtendedToolkit\Avalonia.ExtendedToolkit\Avalonia.ExtendedToolkit.csproj", "{92C78F2E-E629-44E4-8752-35978257A131}"
EndProject
Project("{9A19103F-16F7-4668-BE54-9A1E7A4F7556}") = "Avalonia.Controlz", "Libraries\Avalonia.ExtendedToolkit\Avalonia.Controlz\Avalonia.Controlz.csproj", "{641B037B-6BA6-4B48-B5A5-AC80962FAD55}"
EndProject
Project("{9A19103F-16F7-4668-BE54-9A1E7A4F7556}") = "Avalonia.ExampleApp", "Libraries\Avalonia.ExtendedToolkit\Avalonia.ExampleApp\Avalonia.ExampleApp.csproj", "{13F453D5-F9E6-4502-8FDC-076E6619FEFC}"
EndProject
Project("{FAE04EC0-301F-11D3-BF4B-00C04F79EFBC}") = "HandsLiftedApp.PropertyGridControl", "HandsLiftedApp.PropertyGridControl\HandsLiftedApp.PropertyGridControl.csproj", "{D44C4D0E-4440-402D-AAAB-A6F92AF09184}"
EndProject
Global
	GlobalSection(SolutionConfigurationPlatforms) = preSolution
		Debug|Any CPU = Debug|Any CPU
		Debug|x64 = Debug|x64
		Debug|x86 = Debug|x86
		Release|Any CPU = Release|Any CPU
		Release|x64 = Release|x64
		Release|x86 = Release|x86
	EndGlobalSection
	GlobalSection(ProjectConfigurationPlatforms) = postSolution
		{18F861C4-B5D1-4283-A02F-3A625FCD1F35}.Debug|Any CPU.ActiveCfg = Debug|Any CPU
		{18F861C4-B5D1-4283-A02F-3A625FCD1F35}.Debug|Any CPU.Build.0 = Debug|Any CPU
		{18F861C4-B5D1-4283-A02F-3A625FCD1F35}.Debug|x64.ActiveCfg = Debug|Any CPU
		{18F861C4-B5D1-4283-A02F-3A625FCD1F35}.Debug|x64.Build.0 = Debug|Any CPU
		{18F861C4-B5D1-4283-A02F-3A625FCD1F35}.Debug|x86.ActiveCfg = Debug|Any CPU
		{18F861C4-B5D1-4283-A02F-3A625FCD1F35}.Debug|x86.Build.0 = Debug|Any CPU
		{18F861C4-B5D1-4283-A02F-3A625FCD1F35}.Release|Any CPU.ActiveCfg = Release|Any CPU
		{18F861C4-B5D1-4283-A02F-3A625FCD1F35}.Release|Any CPU.Build.0 = Release|Any CPU
		{18F861C4-B5D1-4283-A02F-3A625FCD1F35}.Release|x64.ActiveCfg = Release|Any CPU
		{18F861C4-B5D1-4283-A02F-3A625FCD1F35}.Release|x64.Build.0 = Release|Any CPU
		{18F861C4-B5D1-4283-A02F-3A625FCD1F35}.Release|x86.ActiveCfg = Release|Any CPU
		{18F861C4-B5D1-4283-A02F-3A625FCD1F35}.Release|x86.Build.0 = Release|Any CPU
		{38414B46-41C5-4B15-9B31-DA7D81DACD46}.Debug|Any CPU.ActiveCfg = Debug|Any CPU
		{38414B46-41C5-4B15-9B31-DA7D81DACD46}.Debug|Any CPU.Build.0 = Debug|Any CPU
		{38414B46-41C5-4B15-9B31-DA7D81DACD46}.Debug|x64.ActiveCfg = Debug|Any CPU
		{38414B46-41C5-4B15-9B31-DA7D81DACD46}.Debug|x64.Build.0 = Debug|Any CPU
		{38414B46-41C5-4B15-9B31-DA7D81DACD46}.Debug|x86.ActiveCfg = Debug|Any CPU
		{38414B46-41C5-4B15-9B31-DA7D81DACD46}.Debug|x86.Build.0 = Debug|Any CPU
		{38414B46-41C5-4B15-9B31-DA7D81DACD46}.Release|Any CPU.ActiveCfg = Release|Any CPU
		{38414B46-41C5-4B15-9B31-DA7D81DACD46}.Release|Any CPU.Build.0 = Release|Any CPU
		{38414B46-41C5-4B15-9B31-DA7D81DACD46}.Release|x64.ActiveCfg = Release|Any CPU
		{38414B46-41C5-4B15-9B31-DA7D81DACD46}.Release|x64.Build.0 = Release|Any CPU
		{38414B46-41C5-4B15-9B31-DA7D81DACD46}.Release|x86.ActiveCfg = Release|Any CPU
		{38414B46-41C5-4B15-9B31-DA7D81DACD46}.Release|x86.Build.0 = Release|Any CPU
		{1B8181E7-C1CA-4D89-8403-E279545ACF81}.Debug|Any CPU.ActiveCfg = Debug|Any CPU
		{1B8181E7-C1CA-4D89-8403-E279545ACF81}.Debug|Any CPU.Build.0 = Debug|Any CPU
		{1B8181E7-C1CA-4D89-8403-E279545ACF81}.Debug|x64.ActiveCfg = Debug|Any CPU
		{1B8181E7-C1CA-4D89-8403-E279545ACF81}.Debug|x64.Build.0 = Debug|Any CPU
		{1B8181E7-C1CA-4D89-8403-E279545ACF81}.Debug|x86.ActiveCfg = Debug|x86
		{1B8181E7-C1CA-4D89-8403-E279545ACF81}.Debug|x86.Build.0 = Debug|x86
		{1B8181E7-C1CA-4D89-8403-E279545ACF81}.Release|Any CPU.ActiveCfg = Release|Any CPU
		{1B8181E7-C1CA-4D89-8403-E279545ACF81}.Release|Any CPU.Build.0 = Release|Any CPU
		{1B8181E7-C1CA-4D89-8403-E279545ACF81}.Release|x64.ActiveCfg = Release|x64
		{1B8181E7-C1CA-4D89-8403-E279545ACF81}.Release|x64.Build.0 = Release|x64
		{1B8181E7-C1CA-4D89-8403-E279545ACF81}.Release|x86.ActiveCfg = Release|x86
		{1B8181E7-C1CA-4D89-8403-E279545ACF81}.Release|x86.Build.0 = Release|x86
		{D17E9BC7-4941-489B-822F-FC0B9B33FD36}.Debug|Any CPU.ActiveCfg = Debug|Any CPU
		{D17E9BC7-4941-489B-822F-FC0B9B33FD36}.Debug|Any CPU.Build.0 = Debug|Any CPU
		{D17E9BC7-4941-489B-822F-FC0B9B33FD36}.Debug|x64.ActiveCfg = Debug|x64
		{D17E9BC7-4941-489B-822F-FC0B9B33FD36}.Debug|x64.Build.0 = Debug|x64
		{D17E9BC7-4941-489B-822F-FC0B9B33FD36}.Debug|x86.ActiveCfg = Debug|x86
		{D17E9BC7-4941-489B-822F-FC0B9B33FD36}.Debug|x86.Build.0 = Debug|x86
		{D17E9BC7-4941-489B-822F-FC0B9B33FD36}.Release|Any CPU.ActiveCfg = Release|Any CPU
		{D17E9BC7-4941-489B-822F-FC0B9B33FD36}.Release|Any CPU.Build.0 = Release|Any CPU
		{D17E9BC7-4941-489B-822F-FC0B9B33FD36}.Release|x64.ActiveCfg = Release|x64
		{D17E9BC7-4941-489B-822F-FC0B9B33FD36}.Release|x64.Build.0 = Release|x64
		{D17E9BC7-4941-489B-822F-FC0B9B33FD36}.Release|x86.ActiveCfg = Release|x86
		{D17E9BC7-4941-489B-822F-FC0B9B33FD36}.Release|x86.Build.0 = Release|x86
		{13B23917-78C2-458D-A175-559E99C96D3C}.Debug|Any CPU.ActiveCfg = Debug|Any CPU
		{13B23917-78C2-458D-A175-559E99C96D3C}.Debug|Any CPU.Build.0 = Debug|Any CPU
		{13B23917-78C2-458D-A175-559E99C96D3C}.Debug|x64.ActiveCfg = Debug|x64
		{13B23917-78C2-458D-A175-559E99C96D3C}.Debug|x64.Build.0 = Debug|x64
		{13B23917-78C2-458D-A175-559E99C96D3C}.Debug|x86.ActiveCfg = Debug|x86
		{13B23917-78C2-458D-A175-559E99C96D3C}.Debug|x86.Build.0 = Debug|x86
		{13B23917-78C2-458D-A175-559E99C96D3C}.Release|Any CPU.ActiveCfg = Release|Any CPU
		{13B23917-78C2-458D-A175-559E99C96D3C}.Release|Any CPU.Build.0 = Release|Any CPU
		{13B23917-78C2-458D-A175-559E99C96D3C}.Release|x64.ActiveCfg = Release|x64
		{13B23917-78C2-458D-A175-559E99C96D3C}.Release|x64.Build.0 = Release|x64
		{13B23917-78C2-458D-A175-559E99C96D3C}.Release|x86.ActiveCfg = Release|x86
		{13B23917-78C2-458D-A175-559E99C96D3C}.Release|x86.Build.0 = Release|x86
		{16B34400-9320-47C7-92AF-6E90E79D05C7}.Debug|Any CPU.ActiveCfg = Debug|Any CPU
		{16B34400-9320-47C7-92AF-6E90E79D05C7}.Debug|Any CPU.Build.0 = Debug|Any CPU
		{16B34400-9320-47C7-92AF-6E90E79D05C7}.Debug|x64.ActiveCfg = Debug|Any CPU
		{16B34400-9320-47C7-92AF-6E90E79D05C7}.Debug|x64.Build.0 = Debug|Any CPU
		{16B34400-9320-47C7-92AF-6E90E79D05C7}.Debug|x86.ActiveCfg = Debug|Any CPU
		{16B34400-9320-47C7-92AF-6E90E79D05C7}.Debug|x86.Build.0 = Debug|Any CPU
		{16B34400-9320-47C7-92AF-6E90E79D05C7}.Release|Any CPU.ActiveCfg = Release|Any CPU
		{16B34400-9320-47C7-92AF-6E90E79D05C7}.Release|Any CPU.Build.0 = Release|Any CPU
		{16B34400-9320-47C7-92AF-6E90E79D05C7}.Release|x64.ActiveCfg = Release|Any CPU
		{16B34400-9320-47C7-92AF-6E90E79D05C7}.Release|x64.Build.0 = Release|Any CPU
		{16B34400-9320-47C7-92AF-6E90E79D05C7}.Release|x86.ActiveCfg = Release|Any CPU
		{16B34400-9320-47C7-92AF-6E90E79D05C7}.Release|x86.Build.0 = Release|Any CPU
		{CF068750-B490-4363-8826-8FF406540324}.Debug|Any CPU.ActiveCfg = Debug|Any CPU
		{CF068750-B490-4363-8826-8FF406540324}.Debug|Any CPU.Build.0 = Debug|Any CPU
		{CF068750-B490-4363-8826-8FF406540324}.Debug|x64.ActiveCfg = Debug|Any CPU
		{CF068750-B490-4363-8826-8FF406540324}.Debug|x64.Build.0 = Debug|Any CPU
		{CF068750-B490-4363-8826-8FF406540324}.Debug|x86.ActiveCfg = Debug|Any CPU
		{CF068750-B490-4363-8826-8FF406540324}.Debug|x86.Build.0 = Debug|Any CPU
		{CF068750-B490-4363-8826-8FF406540324}.Release|Any CPU.ActiveCfg = Release|Any CPU
		{CF068750-B490-4363-8826-8FF406540324}.Release|Any CPU.Build.0 = Release|Any CPU
		{CF068750-B490-4363-8826-8FF406540324}.Release|x64.ActiveCfg = Release|Any CPU
		{CF068750-B490-4363-8826-8FF406540324}.Release|x64.Build.0 = Release|Any CPU
		{CF068750-B490-4363-8826-8FF406540324}.Release|x86.ActiveCfg = Release|Any CPU
		{CF068750-B490-4363-8826-8FF406540324}.Release|x86.Build.0 = Release|Any CPU
		{54DF9FA2-053C-45BC-8248-0106D10DED75}.Debug|Any CPU.ActiveCfg = Debug|Any CPU
		{54DF9FA2-053C-45BC-8248-0106D10DED75}.Debug|Any CPU.Build.0 = Debug|Any CPU
		{54DF9FA2-053C-45BC-8248-0106D10DED75}.Debug|x64.ActiveCfg = Debug|Any CPU
		{54DF9FA2-053C-45BC-8248-0106D10DED75}.Debug|x64.Build.0 = Debug|Any CPU
		{54DF9FA2-053C-45BC-8248-0106D10DED75}.Debug|x86.ActiveCfg = Debug|Any CPU
		{54DF9FA2-053C-45BC-8248-0106D10DED75}.Debug|x86.Build.0 = Debug|Any CPU
		{54DF9FA2-053C-45BC-8248-0106D10DED75}.Release|Any CPU.ActiveCfg = Release|Any CPU
		{54DF9FA2-053C-45BC-8248-0106D10DED75}.Release|Any CPU.Build.0 = Release|Any CPU
		{54DF9FA2-053C-45BC-8248-0106D10DED75}.Release|x64.ActiveCfg = Release|Any CPU
		{54DF9FA2-053C-45BC-8248-0106D10DED75}.Release|x64.Build.0 = Release|Any CPU
		{54DF9FA2-053C-45BC-8248-0106D10DED75}.Release|x86.ActiveCfg = Release|Any CPU
		{54DF9FA2-053C-45BC-8248-0106D10DED75}.Release|x86.Build.0 = Release|Any CPU
		{18E0E14F-BB0B-46CF-BCC4-143337E5C3BC}.Debug|Any CPU.ActiveCfg = Debug|Any CPU
		{18E0E14F-BB0B-46CF-BCC4-143337E5C3BC}.Debug|Any CPU.Build.0 = Debug|Any CPU
		{18E0E14F-BB0B-46CF-BCC4-143337E5C3BC}.Debug|x64.ActiveCfg = Debug|Any CPU
		{18E0E14F-BB0B-46CF-BCC4-143337E5C3BC}.Debug|x64.Build.0 = Debug|Any CPU
		{18E0E14F-BB0B-46CF-BCC4-143337E5C3BC}.Debug|x86.ActiveCfg = Debug|Any CPU
		{18E0E14F-BB0B-46CF-BCC4-143337E5C3BC}.Debug|x86.Build.0 = Debug|Any CPU
		{18E0E14F-BB0B-46CF-BCC4-143337E5C3BC}.Release|Any CPU.ActiveCfg = Release|Any CPU
		{18E0E14F-BB0B-46CF-BCC4-143337E5C3BC}.Release|Any CPU.Build.0 = Release|Any CPU
		{18E0E14F-BB0B-46CF-BCC4-143337E5C3BC}.Release|x64.ActiveCfg = Release|Any CPU
		{18E0E14F-BB0B-46CF-BCC4-143337E5C3BC}.Release|x64.Build.0 = Release|Any CPU
		{18E0E14F-BB0B-46CF-BCC4-143337E5C3BC}.Release|x86.ActiveCfg = Release|Any CPU
		{18E0E14F-BB0B-46CF-BCC4-143337E5C3BC}.Release|x86.Build.0 = Release|Any CPU
		{1556AECA-43B2-4954-AA1B-0EEF06A562EA}.Debug|Any CPU.ActiveCfg = Debug|Any CPU
		{1556AECA-43B2-4954-AA1B-0EEF06A562EA}.Debug|Any CPU.Build.0 = Debug|Any CPU
		{1556AECA-43B2-4954-AA1B-0EEF06A562EA}.Debug|x64.ActiveCfg = Debug|Any CPU
		{1556AECA-43B2-4954-AA1B-0EEF06A562EA}.Debug|x64.Build.0 = Debug|Any CPU
		{1556AECA-43B2-4954-AA1B-0EEF06A562EA}.Debug|x86.ActiveCfg = Debug|Any CPU
		{1556AECA-43B2-4954-AA1B-0EEF06A562EA}.Debug|x86.Build.0 = Debug|Any CPU
		{1556AECA-43B2-4954-AA1B-0EEF06A562EA}.Release|Any CPU.ActiveCfg = Release|Any CPU
		{1556AECA-43B2-4954-AA1B-0EEF06A562EA}.Release|Any CPU.Build.0 = Release|Any CPU
		{1556AECA-43B2-4954-AA1B-0EEF06A562EA}.Release|x64.ActiveCfg = Release|Any CPU
		{1556AECA-43B2-4954-AA1B-0EEF06A562EA}.Release|x64.Build.0 = Release|Any CPU
		{1556AECA-43B2-4954-AA1B-0EEF06A562EA}.Release|x86.ActiveCfg = Release|Any CPU
		{1556AECA-43B2-4954-AA1B-0EEF06A562EA}.Release|x86.Build.0 = Release|Any CPU
		{B9DF2FD7-7E55-4B17-BA43-82DA35F27D73}.Debug|Any CPU.ActiveCfg = Debug|Any CPU
		{B9DF2FD7-7E55-4B17-BA43-82DA35F27D73}.Debug|Any CPU.Build.0 = Debug|Any CPU
		{B9DF2FD7-7E55-4B17-BA43-82DA35F27D73}.Debug|x64.ActiveCfg = Debug|Any CPU
		{B9DF2FD7-7E55-4B17-BA43-82DA35F27D73}.Debug|x64.Build.0 = Debug|Any CPU
		{B9DF2FD7-7E55-4B17-BA43-82DA35F27D73}.Debug|x86.ActiveCfg = Debug|Any CPU
		{B9DF2FD7-7E55-4B17-BA43-82DA35F27D73}.Debug|x86.Build.0 = Debug|Any CPU
		{B9DF2FD7-7E55-4B17-BA43-82DA35F27D73}.Release|Any CPU.ActiveCfg = Release|Any CPU
		{B9DF2FD7-7E55-4B17-BA43-82DA35F27D73}.Release|Any CPU.Build.0 = Release|Any CPU
		{B9DF2FD7-7E55-4B17-BA43-82DA35F27D73}.Release|x64.ActiveCfg = Release|Any CPU
		{B9DF2FD7-7E55-4B17-BA43-82DA35F27D73}.Release|x64.Build.0 = Release|Any CPU
		{B9DF2FD7-7E55-4B17-BA43-82DA35F27D73}.Release|x86.ActiveCfg = Release|Any CPU
		{B9DF2FD7-7E55-4B17-BA43-82DA35F27D73}.Release|x86.Build.0 = Release|Any CPU
		{7903927C-3E49-4B5D-B2F7-163EBEFC1B0A}.Debug|Any CPU.ActiveCfg = Debug|Any CPU
		{7903927C-3E49-4B5D-B2F7-163EBEFC1B0A}.Debug|Any CPU.Build.0 = Debug|Any CPU
		{7903927C-3E49-4B5D-B2F7-163EBEFC1B0A}.Debug|x64.ActiveCfg = Debug|Any CPU
		{7903927C-3E49-4B5D-B2F7-163EBEFC1B0A}.Debug|x64.Build.0 = Debug|Any CPU
		{7903927C-3E49-4B5D-B2F7-163EBEFC1B0A}.Debug|x86.ActiveCfg = Debug|Any CPU
		{7903927C-3E49-4B5D-B2F7-163EBEFC1B0A}.Debug|x86.Build.0 = Debug|Any CPU
		{7903927C-3E49-4B5D-B2F7-163EBEFC1B0A}.Release|Any CPU.ActiveCfg = Release|Any CPU
		{7903927C-3E49-4B5D-B2F7-163EBEFC1B0A}.Release|Any CPU.Build.0 = Release|Any CPU
		{7903927C-3E49-4B5D-B2F7-163EBEFC1B0A}.Release|x64.ActiveCfg = Release|Any CPU
		{7903927C-3E49-4B5D-B2F7-163EBEFC1B0A}.Release|x64.Build.0 = Release|Any CPU
		{7903927C-3E49-4B5D-B2F7-163EBEFC1B0A}.Release|x86.ActiveCfg = Release|Any CPU
		{7903927C-3E49-4B5D-B2F7-163EBEFC1B0A}.Release|x86.Build.0 = Release|Any CPU
		{92C78F2E-E629-44E4-8752-35978257A131}.Debug|Any CPU.ActiveCfg = Debug|Any CPU
		{92C78F2E-E629-44E4-8752-35978257A131}.Debug|Any CPU.Build.0 = Debug|Any CPU
		{92C78F2E-E629-44E4-8752-35978257A131}.Debug|x64.ActiveCfg = Debug|Any CPU
		{92C78F2E-E629-44E4-8752-35978257A131}.Debug|x64.Build.0 = Debug|Any CPU
		{92C78F2E-E629-44E4-8752-35978257A131}.Debug|x86.ActiveCfg = Debug|Any CPU
		{92C78F2E-E629-44E4-8752-35978257A131}.Debug|x86.Build.0 = Debug|Any CPU
		{92C78F2E-E629-44E4-8752-35978257A131}.Release|Any CPU.ActiveCfg = Release|Any CPU
		{92C78F2E-E629-44E4-8752-35978257A131}.Release|Any CPU.Build.0 = Release|Any CPU
		{92C78F2E-E629-44E4-8752-35978257A131}.Release|x64.ActiveCfg = Release|Any CPU
		{92C78F2E-E629-44E4-8752-35978257A131}.Release|x64.Build.0 = Release|Any CPU
		{92C78F2E-E629-44E4-8752-35978257A131}.Release|x86.ActiveCfg = Release|Any CPU
		{92C78F2E-E629-44E4-8752-35978257A131}.Release|x86.Build.0 = Release|Any CPU
		{641B037B-6BA6-4B48-B5A5-AC80962FAD55}.Debug|Any CPU.ActiveCfg = Debug|Any CPU
		{641B037B-6BA6-4B48-B5A5-AC80962FAD55}.Debug|Any CPU.Build.0 = Debug|Any CPU
		{641B037B-6BA6-4B48-B5A5-AC80962FAD55}.Debug|x64.ActiveCfg = Debug|Any CPU
		{641B037B-6BA6-4B48-B5A5-AC80962FAD55}.Debug|x64.Build.0 = Debug|Any CPU
		{641B037B-6BA6-4B48-B5A5-AC80962FAD55}.Debug|x86.ActiveCfg = Debug|Any CPU
		{641B037B-6BA6-4B48-B5A5-AC80962FAD55}.Debug|x86.Build.0 = Debug|Any CPU
		{641B037B-6BA6-4B48-B5A5-AC80962FAD55}.Release|Any CPU.ActiveCfg = Release|Any CPU
		{641B037B-6BA6-4B48-B5A5-AC80962FAD55}.Release|Any CPU.Build.0 = Release|Any CPU
		{641B037B-6BA6-4B48-B5A5-AC80962FAD55}.Release|x64.ActiveCfg = Release|Any CPU
		{641B037B-6BA6-4B48-B5A5-AC80962FAD55}.Release|x64.Build.0 = Release|Any CPU
		{641B037B-6BA6-4B48-B5A5-AC80962FAD55}.Release|x86.ActiveCfg = Release|Any CPU
		{641B037B-6BA6-4B48-B5A5-AC80962FAD55}.Release|x86.Build.0 = Release|Any CPU
		{13F453D5-F9E6-4502-8FDC-076E6619FEFC}.Debug|Any CPU.ActiveCfg = Debug|Any CPU
		{13F453D5-F9E6-4502-8FDC-076E6619FEFC}.Debug|Any CPU.Build.0 = Debug|Any CPU
		{13F453D5-F9E6-4502-8FDC-076E6619FEFC}.Debug|x64.ActiveCfg = Debug|Any CPU
		{13F453D5-F9E6-4502-8FDC-076E6619FEFC}.Debug|x64.Build.0 = Debug|Any CPU
		{13F453D5-F9E6-4502-8FDC-076E6619FEFC}.Debug|x86.ActiveCfg = Debug|Any CPU
		{13F453D5-F9E6-4502-8FDC-076E6619FEFC}.Debug|x86.Build.0 = Debug|Any CPU
		{13F453D5-F9E6-4502-8FDC-076E6619FEFC}.Release|Any CPU.ActiveCfg = Release|Any CPU
		{13F453D5-F9E6-4502-8FDC-076E6619FEFC}.Release|Any CPU.Build.0 = Release|Any CPU
		{13F453D5-F9E6-4502-8FDC-076E6619FEFC}.Release|x64.ActiveCfg = Release|Any CPU
		{13F453D5-F9E6-4502-8FDC-076E6619FEFC}.Release|x64.Build.0 = Release|Any CPU
		{13F453D5-F9E6-4502-8FDC-076E6619FEFC}.Release|x86.ActiveCfg = Release|Any CPU
		{13F453D5-F9E6-4502-8FDC-076E6619FEFC}.Release|x86.Build.0 = Release|Any CPU
		{D44C4D0E-4440-402D-AAAB-A6F92AF09184}.Debug|Any CPU.ActiveCfg = Debug|Any CPU
		{D44C4D0E-4440-402D-AAAB-A6F92AF09184}.Debug|Any CPU.Build.0 = Debug|Any CPU
		{D44C4D0E-4440-402D-AAAB-A6F92AF09184}.Debug|x64.ActiveCfg = Debug|Any CPU
		{D44C4D0E-4440-402D-AAAB-A6F92AF09184}.Debug|x64.Build.0 = Debug|Any CPU
		{D44C4D0E-4440-402D-AAAB-A6F92AF09184}.Debug|x86.ActiveCfg = Debug|Any CPU
		{D44C4D0E-4440-402D-AAAB-A6F92AF09184}.Debug|x86.Build.0 = Debug|Any CPU
		{D44C4D0E-4440-402D-AAAB-A6F92AF09184}.Release|Any CPU.ActiveCfg = Release|Any CPU
		{D44C4D0E-4440-402D-AAAB-A6F92AF09184}.Release|Any CPU.Build.0 = Release|Any CPU
		{D44C4D0E-4440-402D-AAAB-A6F92AF09184}.Release|x64.ActiveCfg = Release|Any CPU
		{D44C4D0E-4440-402D-AAAB-A6F92AF09184}.Release|x64.Build.0 = Release|Any CPU
		{D44C4D0E-4440-402D-AAAB-A6F92AF09184}.Release|x86.ActiveCfg = Release|Any CPU
		{D44C4D0E-4440-402D-AAAB-A6F92AF09184}.Release|x86.Build.0 = Release|Any CPU
	EndGlobalSection
	GlobalSection(SolutionProperties) = preSolution
		HideSolutionNode = FALSE
	EndGlobalSection
	GlobalSection(NestedProjects) = preSolution
		{9F59ABAF-04B2-42C0-8FE7-1867607C6AE0} = {DF9D61D4-EE1B-4212-914D-C74223DDC1EF}
		{38414B46-41C5-4B15-9B31-DA7D81DACD46} = {9F59ABAF-04B2-42C0-8FE7-1867607C6AE0}
		{1B8181E7-C1CA-4D89-8403-E279545ACF81} = {9F59ABAF-04B2-42C0-8FE7-1867607C6AE0}
		{40CFBB5E-1D86-4193-BD27-517B6699E040} = {DF9D61D4-EE1B-4212-914D-C74223DDC1EF}
		{D17E9BC7-4941-489B-822F-FC0B9B33FD36} = {40CFBB5E-1D86-4193-BD27-517B6699E040}
		{13B23917-78C2-458D-A175-559E99C96D3C} = {40CFBB5E-1D86-4193-BD27-517B6699E040}
		{16B34400-9320-47C7-92AF-6E90E79D05C7} = {9F59ABAF-04B2-42C0-8FE7-1867607C6AE0}
		{185F6A79-3344-4E11-A2FE-FB067B06059B} = {DF9D61D4-EE1B-4212-914D-C74223DDC1EF}
		{54DF9FA2-053C-45BC-8248-0106D10DED75} = {185F6A79-3344-4E11-A2FE-FB067B06059B}
		{18E0E14F-BB0B-46CF-BCC4-143337E5C3BC} = {185F6A79-3344-4E11-A2FE-FB067B06059B}
		{7903927C-3E49-4B5D-B2F7-163EBEFC1B0A} = {CBF6C4DA-42BF-45AE-8714-5880A4E4ADEA}
		{183EE6AC-F792-4A8F-ACB8-38949A0CFB35} = {DF9D61D4-EE1B-4212-914D-C74223DDC1EF}
		{92C78F2E-E629-44E4-8752-35978257A131} = {183EE6AC-F792-4A8F-ACB8-38949A0CFB35}
		{641B037B-6BA6-4B48-B5A5-AC80962FAD55} = {183EE6AC-F792-4A8F-ACB8-38949A0CFB35}
		{13F453D5-F9E6-4502-8FDC-076E6619FEFC} = {183EE6AC-F792-4A8F-ACB8-38949A0CFB35}
	EndGlobalSection
	GlobalSection(ExtensibilityGlobals) = postSolution
		SolutionGuid = {4F842927-3492-494F-A1CE-4A9ECF57C018}
	EndGlobalSection
EndGlobal
