
Microsoft Visual Studio Solution File, Format Version 12.00
# Visual Studio Version 17
VisualStudioVersion = 17.0.31903.59
MinimumVisualStudioVersion = 10.0.40219.1
Project("{9A19103F-16F7-4668-BE54-9A1E7A4F7556}") = "HandsLiftedApp", "HandsLiftedApp\HandsLiftedApp.csproj", "{18F861C4-B5D1-4283-A02F-3A625FCD1F35}"
EndProject
Project("{2150E333-8FDC-42A3-9474-1A3956D46DE8}") = "AvaloniaNDI", "AvaloniaNDI", "{9F59ABAF-04B2-42C0-8FE7-1867607C6AE0}"
	ProjectSection(SolutionItems) = preProject
		LICENSE.txt = LICENSE.txt
		AvaloniaNDI\README.md = AvaloniaNDI\README.md
	EndProjectSection
EndProject
Project("{9A19103F-16F7-4668-BE54-9A1E7A4F7556}") = "AvaloniaNDI", "Libraries\AvaloniaNDI\AvaloniaNDI\AvaloniaNDI.csproj", "{38414B46-41C5-4B15-9B31-DA7D81DACD46}"
EndProject
Project("{9A19103F-16F7-4668-BE54-9A1E7A4F7556}") = "NDILibDotNet2", "Libraries\AvaloniaNDI\NDILibDotNet2\NDILibDotNet2.csproj", "{1B8181E7-C1CA-4D89-8403-E279545ACF81}"
EndProject
Project("{2150E333-8FDC-42A3-9474-1A3956D46DE8}") = "Libraries", "Libraries", "{DF9D61D4-EE1B-4212-914D-C74223DDC1EF}"
EndProject
Project("{2150E333-8FDC-42A3-9474-1A3956D46DE8}") = "vlcsharpavalonia", "vlcsharpavalonia", "{40CFBB5E-1D86-4193-BD27-517B6699E040}"
EndProject
Project("{9A19103F-16F7-4668-BE54-9A1E7A4F7556}") = "LibVLCSharp.Avalonia.Sample", "Libraries\vlcsharpavalonia\samples\LibVLCSharp.Avalonia.Sample\LibVLCSharp.Avalonia.Sample.csproj", "{D17E9BC7-4941-489B-822F-FC0B9B33FD36}"
EndProject
Project("{9A19103F-16F7-4668-BE54-9A1E7A4F7556}") = "LibVLCSharp.Avalonia", "Libraries\vlcsharpavalonia\src\LibVLCSharp.Avalonia\LibVLCSharp.Avalonia.csproj", "{13B23917-78C2-458D-A175-559E99C96D3C}"
EndProject
Project("{9A19103F-16F7-4668-BE54-9A1E7A4F7556}") = "AvaloniaNDI.Sample", "Libraries\AvaloniaNDI\AvaloniaNDI.Sample\AvaloniaNDI.Sample.csproj", "{16B34400-9320-47C7-92AF-6E90E79D05C7}"
EndProject
Project("{FAE04EC0-301F-11D3-BF4B-00C04F79EFBC}") = "HandsLiftedApp.Data", "HandsLiftedApp.Models\HandsLiftedApp.Data.csproj", "{CF068750-B490-4363-8826-8FF406540324}"
EndProject
Global
	GlobalSection(SolutionConfigurationPlatforms) = preSolution
		Debug|Any CPU = Debug|Any CPU
		Debug|x64 = Debug|x64
		Debug|x86 = Debug|x86
		Release|Any CPU = Release|Any CPU
		Release|x64 = Release|x64
		Release|x86 = Release|x86
	EndGlobalSection
	GlobalSection(ProjectConfigurationPlatforms) = postSolution
		{18F861C4-B5D1-4283-A02F-3A625FCD1F35}.Debug|Any CPU.ActiveCfg = Debug|Any CPU
		{18F861C4-B5D1-4283-A02F-3A625FCD1F35}.Debug|Any CPU.Build.0 = Debug|Any CPU
		{18F861C4-B5D1-4283-A02F-3A625FCD1F35}.Debug|x64.ActiveCfg = Debug|Any CPU
		{18F861C4-B5D1-4283-A02F-3A625FCD1F35}.Debug|x64.Build.0 = Debug|Any CPU
		{18F861C4-B5D1-4283-A02F-3A625FCD1F35}.Debug|x86.ActiveCfg = Debug|Any CPU
		{18F861C4-B5D1-4283-A02F-3A625FCD1F35}.Debug|x86.Build.0 = Debug|Any CPU
		{18F861C4-B5D1-4283-A02F-3A625FCD1F35}.Release|Any CPU.ActiveCfg = Release|Any CPU
		{18F861C4-B5D1-4283-A02F-3A625FCD1F35}.Release|Any CPU.Build.0 = Release|Any CPU
		{18F861C4-B5D1-4283-A02F-3A625FCD1F35}.Release|x64.ActiveCfg = Release|Any CPU
		{18F861C4-B5D1-4283-A02F-3A625FCD1F35}.Release|x64.Build.0 = Release|Any CPU
		{18F861C4-B5D1-4283-A02F-3A625FCD1F35}.Release|x86.ActiveCfg = Release|Any CPU
		{18F861C4-B5D1-4283-A02F-3A625FCD1F35}.Release|x86.Build.0 = Release|Any CPU
		{38414B46-41C5-4B15-9B31-DA7D81DACD46}.Debug|Any CPU.ActiveCfg = Debug|Any CPU
		{38414B46-41C5-4B15-9B31-DA7D81DACD46}.Debug|Any CPU.Build.0 = Debug|Any CPU
		{38414B46-41C5-4B15-9B31-DA7D81DACD46}.Debug|x64.ActiveCfg = Debug|Any CPU
		{38414B46-41C5-4B15-9B31-DA7D81DACD46}.Debug|x64.Build.0 = Debug|Any CPU
		{38414B46-41C5-4B15-9B31-DA7D81DACD46}.Debug|x86.ActiveCfg = Debug|Any CPU
		{38414B46-41C5-4B15-9B31-DA7D81DACD46}.Debug|x86.Build.0 = Debug|Any CPU
		{38414B46-41C5-4B15-9B31-DA7D81DACD46}.Release|Any CPU.ActiveCfg = Release|Any CPU
		{38414B46-41C5-4B15-9B31-DA7D81DACD46}.Release|Any CPU.Build.0 = Release|Any CPU
		{38414B46-41C5-4B15-9B31-DA7D81DACD46}.Release|x64.ActiveCfg = Release|Any CPU
		{38414B46-41C5-4B15-9B31-DA7D81DACD46}.Release|x64.Build.0 = Release|Any CPU
		{38414B46-41C5-4B15-9B31-DA7D81DACD46}.Release|x86.ActiveCfg = Release|Any CPU
		{38414B46-41C5-4B15-9B31-DA7D81DACD46}.Release|x86.Build.0 = Release|Any CPU
		{1B8181E7-C1CA-4D89-8403-E279545ACF81}.Debug|Any CPU.ActiveCfg = Debug|Any CPU
		{1B8181E7-C1CA-4D89-8403-E279545ACF81}.Debug|Any CPU.Build.0 = Debug|Any CPU
		{1B8181E7-C1CA-4D89-8403-E279545ACF81}.Debug|x64.ActiveCfg = Debug|Any CPU
		{1B8181E7-C1CA-4D89-8403-E279545ACF81}.Debug|x64.Build.0 = Debug|Any CPU
		{1B8181E7-C1CA-4D89-8403-E279545ACF81}.Debug|x86.ActiveCfg = Debug|x86
		{1B8181E7-C1CA-4D89-8403-E279545ACF81}.Debug|x86.Build.0 = Debug|x86
		{1B8181E7-C1CA-4D89-8403-E279545ACF81}.Release|Any CPU.ActiveCfg = Release|Any CPU
		{1B8181E7-C1CA-4D89-8403-E279545ACF81}.Release|Any CPU.Build.0 = Release|Any CPU
		{1B8181E7-C1CA-4D89-8403-E279545ACF81}.Release|x64.ActiveCfg = Release|x64
		{1B8181E7-C1CA-4D89-8403-E279545ACF81}.Release|x64.Build.0 = Release|x64
		{1B8181E7-C1CA-4D89-8403-E279545ACF81}.Release|x86.ActiveCfg = Release|x86
		{1B8181E7-C1CA-4D89-8403-E279545ACF81}.Release|x86.Build.0 = Release|x86
		{D17E9BC7-4941-489B-822F-FC0B9B33FD36}.Debug|Any CPU.ActiveCfg = Debug|Any CPU
		{D17E9BC7-4941-489B-822F-FC0B9B33FD36}.Debug|Any CPU.Build.0 = Debug|Any CPU
		{D17E9BC7-4941-489B-822F-FC0B9B33FD36}.Debug|x64.ActiveCfg = Debug|x64
		{D17E9BC7-4941-489B-822F-FC0B9B33FD36}.Debug|x64.Build.0 = Debug|x64
		{D17E9BC7-4941-489B-822F-FC0B9B33FD36}.Debug|x86.ActiveCfg = Debug|x86
		{D17E9BC7-4941-489B-822F-FC0B9B33FD36}.Debug|x86.Build.0 = Debug|x86
		{D17E9BC7-4941-489B-822F-FC0B9B33FD36}.Release|Any CPU.ActiveCfg = Release|Any CPU
		{D17E9BC7-4941-489B-822F-FC0B9B33FD36}.Release|Any CPU.Build.0 = Release|Any CPU
		{D17E9BC7-4941-489B-822F-FC0B9B33FD36}.Release|x64.ActiveCfg = Release|x64
		{D17E9BC7-4941-489B-822F-FC0B9B33FD36}.Release|x64.Build.0 = Release|x64
		{D17E9BC7-4941-489B-822F-FC0B9B33FD36}.Release|x86.ActiveCfg = Release|x86
		{D17E9BC7-4941-489B-822F-FC0B9B33FD36}.Release|x86.Build.0 = Release|x86
		{13B23917-78C2-458D-A175-559E99C96D3C}.Debug|Any CPU.ActiveCfg = Debug|Any CPU
		{13B23917-78C2-458D-A175-559E99C96D3C}.Debug|Any CPU.Build.0 = Debug|Any CPU
		{13B23917-78C2-458D-A175-559E99C96D3C}.Debug|x64.ActiveCfg = Debug|x64
		{13B23917-78C2-458D-A175-559E99C96D3C}.Debug|x64.Build.0 = Debug|x64
		{13B23917-78C2-458D-A175-559E99C96D3C}.Debug|x86.ActiveCfg = Debug|x86
		{13B23917-78C2-458D-A175-559E99C96D3C}.Debug|x86.Build.0 = Debug|x86
		{13B23917-78C2-458D-A175-559E99C96D3C}.Release|Any CPU.ActiveCfg = Release|Any CPU
		{13B23917-78C2-458D-A175-559E99C96D3C}.Release|Any CPU.Build.0 = Release|Any CPU
		{13B23917-78C2-458D-A175-559E99C96D3C}.Release|x64.ActiveCfg = Release|x64
		{13B23917-78C2-458D-A175-559E99C96D3C}.Release|x64.Build.0 = Release|x64
		{13B23917-78C2-458D-A175-559E99C96D3C}.Release|x86.ActiveCfg = Release|x86
		{13B23917-78C2-458D-A175-559E99C96D3C}.Release|x86.Build.0 = Release|x86
		{16B34400-9320-47C7-92AF-6E90E79D05C7}.Debug|Any CPU.ActiveCfg = Debug|Any CPU
		{16B34400-9320-47C7-92AF-6E90E79D05C7}.Debug|Any CPU.Build.0 = Debug|Any CPU
		{16B34400-9320-47C7-92AF-6E90E79D05C7}.Debug|x64.ActiveCfg = Debug|Any CPU
		{16B34400-9320-47C7-92AF-6E90E79D05C7}.Debug|x64.Build.0 = Debug|Any CPU
		{16B34400-9320-47C7-92AF-6E90E79D05C7}.Debug|x86.ActiveCfg = Debug|Any CPU
		{16B34400-9320-47C7-92AF-6E90E79D05C7}.Debug|x86.Build.0 = Debug|Any CPU
		{16B34400-9320-47C7-92AF-6E90E79D05C7}.Release|Any CPU.ActiveCfg = Release|Any CPU
		{16B34400-9320-47C7-92AF-6E90E79D05C7}.Release|Any CPU.Build.0 = Release|Any CPU
		{16B34400-9320-47C7-92AF-6E90E79D05C7}.Release|x64.ActiveCfg = Release|Any CPU
		{16B34400-9320-47C7-92AF-6E90E79D05C7}.Release|x64.Build.0 = Release|Any CPU
		{16B34400-9320-47C7-92AF-6E90E79D05C7}.Release|x86.ActiveCfg = Release|Any CPU
		{16B34400-9320-47C7-92AF-6E90E79D05C7}.Release|x86.Build.0 = Release|Any CPU
		{CF068750-B490-4363-8826-8FF406540324}.Debug|Any CPU.ActiveCfg = Debug|Any CPU
		{CF068750-B490-4363-8826-8FF406540324}.Debug|Any CPU.Build.0 = Debug|Any CPU
		{CF068750-B490-4363-8826-8FF406540324}.Debug|x64.ActiveCfg = Debug|Any CPU
		{CF068750-B490-4363-8826-8FF406540324}.Debug|x64.Build.0 = Debug|Any CPU
		{CF068750-B490-4363-8826-8FF406540324}.Debug|x86.ActiveCfg = Debug|Any CPU
		{CF068750-B490-4363-8826-8FF406540324}.Debug|x86.Build.0 = Debug|Any CPU
		{CF068750-B490-4363-8826-8FF406540324}.Release|Any CPU.ActiveCfg = Release|Any CPU
		{CF068750-B490-4363-8826-8FF406540324}.Release|Any CPU.Build.0 = Release|Any CPU
		{CF068750-B490-4363-8826-8FF406540324}.Release|x64.ActiveCfg = Release|Any CPU
		{CF068750-B490-4363-8826-8FF406540324}.Release|x64.Build.0 = Release|Any CPU
		{CF068750-B490-4363-8826-8FF406540324}.Release|x86.ActiveCfg = Release|Any CPU
		{CF068750-B490-4363-8826-8FF406540324}.Release|x86.Build.0 = Release|Any CPU
	EndGlobalSection
	GlobalSection(SolutionProperties) = preSolution
		HideSolutionNode = FALSE
	EndGlobalSection
	GlobalSection(NestedProjects) = preSolution
		{9F59ABAF-04B2-42C0-8FE7-1867607C6AE0} = {DF9D61D4-EE1B-4212-914D-C74223DDC1EF}
		{38414B46-41C5-4B15-9B31-DA7D81DACD46} = {9F59ABAF-04B2-42C0-8FE7-1867607C6AE0}
		{1B8181E7-C1CA-4D89-8403-E279545ACF81} = {9F59ABAF-04B2-42C0-8FE7-1867607C6AE0}
		{40CFBB5E-1D86-4193-BD27-517B6699E040} = {DF9D61D4-EE1B-4212-914D-C74223DDC1EF}
		{D17E9BC7-4941-489B-822F-FC0B9B33FD36} = {40CFBB5E-1D86-4193-BD27-517B6699E040}
		{13B23917-78C2-458D-A175-559E99C96D3C} = {40CFBB5E-1D86-4193-BD27-517B6699E040}
		{16B34400-9320-47C7-92AF-6E90E79D05C7} = {9F59ABAF-04B2-42C0-8FE7-1867607C6AE0}
	EndGlobalSection
	GlobalSection(ExtensibilityGlobals) = postSolution
		SolutionGuid = {4F842927-3492-494F-A1CE-4A9ECF57C018}
	EndGlobalSection
EndGlobal
